// !$*UTF8*$!
{
	archiveVersion = 1;
	classes = {
	};
	objectVersion = 56;
	objects = {

/* Begin PBXBuildFile section */
		41720B928E05C6F67AA0E2E8 /* SessionGatingService.swift in Sources */ = {isa = PBXBuildFile; fileRef = E0E9AAF30597470AE40B5615 /* SessionGatingService.swift */; };
		4596C9C4F2E503561B307EC6 /* CoachMarkNoticeView.swift in Sources */ = {isa = PBXBuildFile; fileRef = A1101A3ACB7B972887D35F7F /* CoachMarkNoticeView.swift */; };
		84D808917CA182531D07412E /* AppStrings.swift in Sources */ = {isa = PBXBuildFile; fileRef = 0037D8A48FC68AECADF0E328 /* AppStrings.swift */; };
		95F6805D2F1D205D00B93C28 /* 27421__kerri__zenbell_1.mp3 in Resources */ = {isa = PBXBuildFile; fileRef = 95F6805B2F1D205D00B93C28 /* 27421__kerri__zenbell_1.mp3 */; };
		95F6805E2F1D205D00B93C28 /* 185822__lloydevans09__single-chime.wav in Resources */ = {isa = PBXBuildFile; fileRef = 95F6805C2F1D205D00B93C28 /* 185822__lloydevans09__single-chime.wav */; };
		95F680612F1DEF6600B93C28 /* RevenueCat in Frameworks */ = {isa = PBXBuildFile; productRef = 95F680602F1DEF6600B93C28 /* RevenueCat */; };
		95F680632F1DEF6600B93C28 /* RevenueCatUI in Frameworks */ = {isa = PBXBuildFile; productRef = 95F680622F1DEF6600B93C28 /* RevenueCatUI */; };
		A10000010000000000000001 /* VergApp.swift in Sources */ = {isa = PBXBuildFile; fileRef = A20000010000000000000001 /* VergApp.swift */; };
		A10000010000000000000002 /* ContentView.swift in Sources */ = {isa = PBXBuildFile; fileRef = A20000010000000000000002 /* ContentView.swift */; };
		A10000010000000000000003 /* Theme.swift in Sources */ = {isa = PBXBuildFile; fileRef = A20000010000000000000003 /* Theme.swift */; };
		A10000010000000000000004 /* Date+Extensions.swift in Sources */ = {isa = PBXBuildFile; fileRef = A20000010000000000000004 /* Date+Extensions.swift */; };
		A10000010000000000000005 /* View+Extensions.swift in Sources */ = {isa = PBXBuildFile; fileRef = A20000010000000000000005 /* View+Extensions.swift */; };
		A10000010000000000000006 /* Session.swift in Sources */ = {isa = PBXBuildFile; fileRef = A20000010000000000000006 /* Session.swift */; };
		A10000010000000000000007 /* Settings.swift in Sources */ = {isa = PBXBuildFile; fileRef = A20000010000000000000007 /* Settings.swift */; };
		A10000010000000000000008 /* UserStats.swift in Sources */ = {isa = PBXBuildFile; fileRef = A20000010000000000000008 /* UserStats.swift */; };
		A10000010000000000000009 /* AudioService.swift in Sources */ = {isa = PBXBuildFile; fileRef = A20000010000000000000009 /* AudioService.swift */; };
		A10000010000000000000010 /* PurchaseService.swift in Sources */ = {isa = PBXBuildFile; fileRef = A20000010000000000000010 /* PurchaseService.swift */; };
		A10000010000000000000011 /* StorageService.swift in Sources */ = {isa = PBXBuildFile; fileRef = A20000010000000000000011 /* StorageService.swift */; };
		A10000010000000000000012 /* StreakService.swift in Sources */ = {isa = PBXBuildFile; fileRef = A20000010000000000000012 /* StreakService.swift */; };
		A10000010000000000000013 /* TimerService.swift in Sources */ = {isa = PBXBuildFile; fileRef = A20000010000000000000013 /* TimerService.swift */; };
		A10000010000000000000014 /* CameraView.swift in Sources */ = {isa = PBXBuildFile; fileRef = A20000010000000000000014 /* CameraView.swift */; };
		A10000010000000000000015 /* CameraViewModel.swift in Sources */ = {isa = PBXBuildFile; fileRef = A20000010000000000000015 /* CameraViewModel.swift */; };
		A10000010000000000000016 /* HomeView.swift in Sources */ = {isa = PBXBuildFile; fileRef = A20000010000000000000016 /* HomeView.swift */; };
		A10000010000000000000017 /* HomeViewModel.swift in Sources */ = {isa = PBXBuildFile; fileRef = A20000010000000000000017 /* HomeViewModel.swift */; };
		A10000010000000000000018 /* PaywallView.swift in Sources */ = {isa = PBXBuildFile; fileRef = A20000010000000000000018 /* PaywallView.swift */; };
		A10000010000000000000019 /* PaywallViewModel.swift in Sources */ = {isa = PBXBuildFile; fileRef = A20000010000000000000019 /* PaywallViewModel.swift */; };
		A10000010000000000000020 /* SettingsView.swift in Sources */ = {isa = PBXBuildFile; fileRef = A20000010000000000000020 /* SettingsView.swift */; };
		A10000010000000000000021 /* SettingsViewModel.swift in Sources */ = {isa = PBXBuildFile; fileRef = A20000010000000000000021 /* SettingsViewModel.swift */; };
		A10000010000000000000022 /* CalendarView.swift in Sources */ = {isa = PBXBuildFile; fileRef = A20000010000000000000022 /* CalendarView.swift */; };
		A10000010000000000000023 /* PageGridView.swift in Sources */ = {isa = PBXBuildFile; fileRef = A20000010000000000000023 /* PageGridView.swift */; };
		A10000010000000000000024 /* StatsView.swift in Sources */ = {isa = PBXBuildFile; fileRef = A20000010000000000000024 /* StatsView.swift */; };
		A10000010000000000000025 /* StatsViewModel.swift in Sources */ = {isa = PBXBuildFile; fileRef = A20000010000000000000025 /* StatsViewModel.swift */; };
		A10000010000000000000026 /* CandleView.swift in Sources */ = {isa = PBXBuildFile; fileRef = A20000010000000000000026 /* CandleView.swift */; };
		A10000010000000000000027 /* TimerView.swift in Sources */ = {isa = PBXBuildFile; fileRef = A20000010000000000000027 /* TimerView.swift */; };
		A10000010000000000000028 /* TimerViewModel.swift in Sources */ = {isa = PBXBuildFile; fileRef = A20000010000000000000028 /* TimerViewModel.swift */; };
		A10000010000000000000029 /* Assets.xcassets in Resources */ = {isa = PBXBuildFile; fileRef = A20000010000000000000029 /* Assets.xcassets */; platformFilter = ios; };
		A10000010000000000000031 /* OnboardingView.swift in Sources */ = {isa = PBXBuildFile; fileRef = A20000010000000000000031 /* OnboardingView.swift */; };
		A10000010000000000000032 /* OnboardingPageView.swift in Sources */ = {isa = PBXBuildFile; fileRef = A20000010000000000000032 /* OnboardingPageView.swift */; };
		A10000010000000000000033 /* OnboardingViewModel.swift in Sources */ = {isa = PBXBuildFile; fileRef = A20000010000000000000033 /* OnboardingViewModel.swift */; };
/* End PBXBuildFile section */

/* Begin PBXFileReference section */
		0037D8A48FC68AECADF0E328 /* AppStrings.swift */ = {isa = PBXFileReference; includeInIndex = 1; lastKnownFileType = sourcecode.swift; name = AppStrings.swift; path = Core/Constants/AppStrings.swift; sourceTree = "<group>"; };
		955D4E492F1F42A100D1B2E4 /* VergProducts.storekit */ = {isa = PBXFileReference; lastKnownFileType = text; path = VergProducts.storekit; sourceTree = "<group>"; };
		95F6805B2F1D205D00B93C28 /* 27421__kerri__zenbell_1.mp3 */ = {isa = PBXFileReference; lastKnownFileType = audio.mp3; path = 27421__kerri__zenbell_1.mp3; sourceTree = "<group>"; };
		95F6805C2F1D205D00B93C28 /* 185822__lloydevans09__single-chime.wav */ = {isa = PBXFileReference; lastKnownFileType = audio.wav; path = "185822__lloydevans09__single-chime.wav"; sourceTree = "<group>"; };
		A1101A3ACB7B972887D35F7F /* CoachMarkNoticeView.swift */ = {isa = PBXFileReference; includeInIndex = 1; lastKnownFileType = sourcecode.swift; name = CoachMarkNoticeView.swift; path = Features/CoachMark/CoachMarkNoticeView.swift; sourceTree = "<group>"; };
		A20000010000000000000000 /* Verg.app */ = {isa = PBXFileReference; explicitFileType = wrapper.application; includeInIndex = 0; path = Verg.app; sourceTree = BUILT_PRODUCTS_DIR; };
		A20000010000000000000001 /* VergApp.swift */ = {isa = PBXFileReference; lastKnownFileType = sourcecode.swift; path = VergApp.swift; sourceTree = "<group>"; };
		A20000010000000000000002 /* ContentView.swift */ = {isa = PBXFileReference; lastKnownFileType = sourcecode.swift; path = ContentView.swift; sourceTree = "<group>"; };
		A20000010000000000000003 /* Theme.swift */ = {isa = PBXFileReference; lastKnownFileType = sourcecode.swift; path = Theme.swift; sourceTree = "<group>"; };
		A20000010000000000000004 /* Date+Extensions.swift */ = {isa = PBXFileReference; lastKnownFileType = sourcecode.swift; path = "Date+Extensions.swift"; sourceTree = "<group>"; };
		A20000010000000000000005 /* View+Extensions.swift */ = {isa = PBXFileReference; lastKnownFileType = sourcecode.swift; path = "View+Extensions.swift"; sourceTree = "<group>"; };
		A20000010000000000000006 /* Session.swift */ = {isa = PBXFileReference; lastKnownFileType = sourcecode.swift; path = Session.swift; sourceTree = "<group>"; };
		A20000010000000000000007 /* Settings.swift */ = {isa = PBXFileReference; lastKnownFileType = sourcecode.swift; path = Settings.swift; sourceTree = "<group>"; };
		A20000010000000000000008 /* UserStats.swift */ = {isa = PBXFileReference; lastKnownFileType = sourcecode.swift; path = UserStats.swift; sourceTree = "<group>"; };
		A20000010000000000000009 /* AudioService.swift */ = {isa = PBXFileReference; lastKnownFileType = sourcecode.swift; path = AudioService.swift; sourceTree = "<group>"; };
		A20000010000000000000010 /* PurchaseService.swift */ = {isa = PBXFileReference; lastKnownFileType = sourcecode.swift; path = PurchaseService.swift; sourceTree = "<group>"; };
		A20000010000000000000011 /* StorageService.swift */ = {isa = PBXFileReference; lastKnownFileType = sourcecode.swift; path = StorageService.swift; sourceTree = "<group>"; };
		A20000010000000000000012 /* StreakService.swift */ = {isa = PBXFileReference; lastKnownFileType = sourcecode.swift; path = StreakService.swift; sourceTree = "<group>"; };
		A20000010000000000000013 /* TimerService.swift */ = {isa = PBXFileReference; lastKnownFileType = sourcecode.swift; path = TimerService.swift; sourceTree = "<group>"; };
		A20000010000000000000014 /* CameraView.swift */ = {isa = PBXFileReference; lastKnownFileType = sourcecode.swift; path = CameraView.swift; sourceTree = "<group>"; };
		A20000010000000000000015 /* CameraViewModel.swift */ = {isa = PBXFileReference; lastKnownFileType = sourcecode.swift; path = CameraViewModel.swift; sourceTree = "<group>"; };
		A20000010000000000000016 /* HomeView.swift */ = {isa = PBXFileReference; lastKnownFileType = sourcecode.swift; path = HomeView.swift; sourceTree = "<group>"; };
		A20000010000000000000017 /* HomeViewModel.swift */ = {isa = PBXFileReference; lastKnownFileType = sourcecode.swift; path = HomeViewModel.swift; sourceTree = "<group>"; };
		A20000010000000000000018 /* PaywallView.swift */ = {isa = PBXFileReference; lastKnownFileType = sourcecode.swift; path = PaywallView.swift; sourceTree = "<group>"; };
		A20000010000000000000019 /* PaywallViewModel.swift */ = {isa = PBXFileReference; lastKnownFileType = sourcecode.swift; path = PaywallViewModel.swift; sourceTree = "<group>"; };
		A20000010000000000000020 /* SettingsView.swift */ = {isa = PBXFileReference; lastKnownFileType = sourcecode.swift; path = SettingsView.swift; sourceTree = "<group>"; };
		A20000010000000000000021 /* SettingsViewModel.swift */ = {isa = PBXFileReference; lastKnownFileType = sourcecode.swift; path = SettingsViewModel.swift; sourceTree = "<group>"; };
		A20000010000000000000022 /* CalendarView.swift */ = {isa = PBXFileReference; lastKnownFileType = sourcecode.swift; path = CalendarView.swift; sourceTree = "<group>"; };
		A20000010000000000000023 /* PageGridView.swift */ = {isa = PBXFileReference; lastKnownFileType = sourcecode.swift; path = PageGridView.swift; sourceTree = "<group>"; };
		A20000010000000000000024 /* StatsView.swift */ = {isa = PBXFileReference; lastKnownFileType = sourcecode.swift; path = StatsView.swift; sourceTree = "<group>"; };
		A20000010000000000000025 /* StatsViewModel.swift */ = {isa = PBXFileReference; lastKnownFileType = sourcecode.swift; path = StatsViewModel.swift; sourceTree = "<group>"; };
		A20000010000000000000026 /* CandleView.swift */ = {isa = PBXFileReference; lastKnownFileType = sourcecode.swift; path = CandleView.swift; sourceTree = "<group>"; };
		A20000010000000000000027 /* TimerView.swift */ = {isa = PBXFileReference; lastKnownFileType = sourcecode.swift; path = TimerView.swift; sourceTree = "<group>"; };
		A20000010000000000000028 /* TimerViewModel.swift */ = {isa = PBXFileReference; lastKnownFileType = sourcecode.swift; path = TimerViewModel.swift; sourceTree = "<group>"; };
		A20000010000000000000029 /* Assets.xcassets */ = {isa = PBXFileReference; lastKnownFileType = folder.assetcatalog; path = Assets.xcassets; sourceTree = "<group>"; };
		A20000010000000000000030 /* Info.plist */ = {isa = PBXFileReference; lastKnownFileType = text.plist.xml; path = Info.plist; sourceTree = "<group>"; };
		A20000010000000000000031 /* OnboardingView.swift */ = {isa = PBXFileReference; lastKnownFileType = sourcecode.swift; path = OnboardingView.swift; sourceTree = "<group>"; };
		A20000010000000000000032 /* OnboardingPageView.swift */ = {isa = PBXFileReference; lastKnownFileType = sourcecode.swift; path = OnboardingPageView.swift; sourceTree = "<group>"; };
		A20000010000000000000033 /* OnboardingViewModel.swift */ = {isa = PBXFileReference; lastKnownFileType = sourcecode.swift; path = OnboardingViewModel.swift; sourceTree = "<group>"; };
		E0E9AAF30597470AE40B5615 /* SessionGatingService.swift */ = {isa = PBXFileReference; includeInIndex = 1; lastKnownFileType = sourcecode.swift; name = SessionGatingService.swift; path = Core/Services/SessionGatingService.swift; sourceTree = "<group>"; };
/* End PBXFileReference section */

/* Begin PBXFrameworksBuildPhase section */
		A30000010000000000000001 /* Frameworks */ = {
			isa = PBXFrameworksBuildPhase;
			buildActionMask = 2147483647;
			files = (
				95F680632F1DEF6600B93C28 /* RevenueCatUI in Frameworks */,
				95F680612F1DEF6600B93C28 /* RevenueCat in Frameworks */,
			);
			runOnlyForDeploymentPostprocessing = 0;
		};
/* End PBXFrameworksBuildPhase section */

/* Begin PBXGroup section */
		10BD6DE57AF4F972400D082F /* Services */ = {
			isa = PBXGroup;
			children = (
				E0E9AAF30597470AE40B5615 /* SessionGatingService.swift */,
			);
			name = Services;
			sourceTree = "<group>";
		};
		5DEAE9590E6A90B9A88E76C8 /* Constants */ = {
			isa = PBXGroup;
			children = (
				0037D8A48FC68AECADF0E328 /* AppStrings.swift */,
			);
			name = Constants;
			sourceTree = "<group>";
		};
		A40000010000000000000001 = {
			isa = PBXGroup;
			children = (
				955D4E492F1F42A100D1B2E4 /* VergProducts.storekit */,
				A40000010000000000000002 /* App */,
				A40000010000000000000003 /* Core */,
				A40000010000000000000004 /* Features */,
				A40000010000000000000005 /* Resources */,
				A40000010000000000000006 /* Supporting */,
				A40000010000000000000007 /* Products */,
				CEBCAD55C64CC7D908FA2610 /* Core */,
				D0D3656A07B7E9ED961ACAC4 /* Features */,
			);
			sourceTree = "<group>";
		};
		A40000010000000000000002 /* App */ = {
			isa = PBXGroup;
			children = (
				A20000010000000000000001 /* VergApp.swift */,
				A20000010000000000000002 /* ContentView.swift */,
			);
			path = App;
			sourceTree = "<group>";
		};
		A40000010000000000000003 /* Core */ = {
			isa = PBXGroup;
			children = (
				A40000010000000000000008 /* Extensions */,
				A40000010000000000000009 /* Models */,
				A40000010000000000000010 /* Services */,
				A40000010000000000000011 /* Theme */,
			);
			path = Core;
			sourceTree = "<group>";
		};
		A40000010000000000000004 /* Features */ = {
			isa = PBXGroup;
			children = (
				A40000010000000000000012 /* Camera */,
				A40000010000000000000013 /* Home */,
				A40000010000000000000020 /* Onboarding */,
				A40000010000000000000014 /* Paywall */,
				A40000010000000000000015 /* Settings */,
				A40000010000000000000016 /* Stats */,
				A40000010000000000000017 /* Timer */,
			);
			path = Features;
			sourceTree = "<group>";
		};
		A40000010000000000000005 /* Resources */ = {
			isa = PBXGroup;
			children = (
				95F6805B2F1D205D00B93C28 /* 27421__kerri__zenbell_1.mp3 */,
				95F6805C2F1D205D00B93C28 /* 185822__lloydevans09__single-chime.wav */,
				A20000010000000000000029 /* Assets.xcassets */,
			);
			path = Resources;
			sourceTree = "<group>";
		};
		A40000010000000000000006 /* Supporting */ = {
			isa = PBXGroup;
			children = (
				A20000010000000000000030 /* Info.plist */,
			);
			path = Supporting;
			sourceTree = "<group>";
		};
		A40000010000000000000007 /* Products */ = {
			isa = PBXGroup;
			children = (
				A20000010000000000000000 /* Verg.app */,
			);
			name = Products;
			sourceTree = "<group>";
		};
		A40000010000000000000008 /* Extensions */ = {
			isa = PBXGroup;
			children = (
				A20000010000000000000004 /* Date+Extensions.swift */,
				A20000010000000000000005 /* View+Extensions.swift */,
			);
			path = Extensions;
			sourceTree = "<group>";
		};
		A40000010000000000000009 /* Models */ = {
			isa = PBXGroup;
			children = (
				A20000010000000000000006 /* Session.swift */,
				A20000010000000000000007 /* Settings.swift */,
				A20000010000000000000008 /* UserStats.swift */,
			);
			path = Models;
			sourceTree = "<group>";
		};
		A40000010000000000000010 /* Services */ = {
			isa = PBXGroup;
			children = (
				A20000010000000000000009 /* AudioService.swift */,
				A20000010000000000000010 /* PurchaseService.swift */,
				A20000010000000000000011 /* StorageService.swift */,
				A20000010000000000000012 /* StreakService.swift */,
				A20000010000000000000013 /* TimerService.swift */,
			);
			path = Services;
			sourceTree = "<group>";
		};
		A40000010000000000000011 /* Theme */ = {
			isa = PBXGroup;
			children = (
				A20000010000000000000003 /* Theme.swift */,
			);
			path = Theme;
			sourceTree = "<group>";
		};
		A40000010000000000000012 /* Camera */ = {
			isa = PBXGroup;
			children = (
				A20000010000000000000014 /* CameraView.swift */,
				A20000010000000000000015 /* CameraViewModel.swift */,
			);
			path = Camera;
			sourceTree = "<group>";
		};
		A40000010000000000000013 /* Home */ = {
			isa = PBXGroup;
			children = (
				A20000010000000000000016 /* HomeView.swift */,
				A20000010000000000000017 /* HomeViewModel.swift */,
			);
			path = Home;
			sourceTree = "<group>";
		};
		A40000010000000000000014 /* Paywall */ = {
			isa = PBXGroup;
			children = (
				A20000010000000000000018 /* PaywallView.swift */,
				A20000010000000000000019 /* PaywallViewModel.swift */,
			);
			path = Paywall;
			sourceTree = "<group>";
		};
		A40000010000000000000015 /* Settings */ = {
			isa = PBXGroup;
			children = (
				A20000010000000000000020 /* SettingsView.swift */,
				A20000010000000000000021 /* SettingsViewModel.swift */,
			);
			path = Settings;
			sourceTree = "<group>";
		};
		A40000010000000000000016 /* Stats */ = {
			isa = PBXGroup;
			children = (
				A40000010000000000000018 /* Components */,
				A20000010000000000000024 /* StatsView.swift */,
				A20000010000000000000025 /* StatsViewModel.swift */,
			);
			path = Stats;
			sourceTree = "<group>";
		};
		A40000010000000000000017 /* Timer */ = {
			isa = PBXGroup;
			children = (
				A40000010000000000000019 /* Components */,
				A20000010000000000000027 /* TimerView.swift */,
				A20000010000000000000028 /* TimerViewModel.swift */,
			);
			path = Timer;
			sourceTree = "<group>";
		};
		A40000010000000000000018 /* Components */ = {
			isa = PBXGroup;
			children = (
				A20000010000000000000022 /* CalendarView.swift */,
				A20000010000000000000023 /* PageGridView.swift */,
			);
			path = Components;
			sourceTree = "<group>";
		};
		A40000010000000000000019 /* Components */ = {
			isa = PBXGroup;
			children = (
				A20000010000000000000026 /* CandleView.swift */,
			);
			path = Components;
			sourceTree = "<group>";
		};
		A40000010000000000000020 /* Onboarding */ = {
			isa = PBXGroup;
			children = (
				A20000010000000000000031 /* OnboardingView.swift */,
				A20000010000000000000032 /* OnboardingPageView.swift */,
				A20000010000000000000033 /* OnboardingViewModel.swift */,
			);
			path = Onboarding;
			sourceTree = "<group>";
		};
		B0D5E3EB4C51887881A0F565 /* CoachMark */ = {
			isa = PBXGroup;
			children = (
				A1101A3ACB7B972887D35F7F /* CoachMarkNoticeView.swift */,
			);
			name = CoachMark;
			sourceTree = "<group>";
		};
		CEBCAD55C64CC7D908FA2610 /* Core */ = {
			isa = PBXGroup;
			children = (
				5DEAE9590E6A90B9A88E76C8 /* Constants */,
				10BD6DE57AF4F972400D082F /* Services */,
			);
			name = Core;
			sourceTree = "<group>";
		};
		D0D3656A07B7E9ED961ACAC4 /* Features */ = {
			isa = PBXGroup;
			children = (
				B0D5E3EB4C51887881A0F565 /* CoachMark */,
			);
			name = Features;
			sourceTree = "<group>";
		};
/* End PBXGroup section */

/* Begin PBXNativeTarget section */
		A50000010000000000000001 /* Verg */ = {
			isa = PBXNativeTarget;
			buildConfigurationList = A70000010000000000000001 /* Build configuration list for PBXNativeTarget "Verg" */;
			buildPhases = (
				A60000010000000000000001 /* Sources */,
				A30000010000000000000001 /* Frameworks */,
				A60000010000000000000002 /* Resources */,
			);
			buildRules = (
			);
			dependencies = (
			);
			name = Verg;
			productName = Verg;
			productReference = A20000010000000000000000 /* Verg.app */;
			productType = "com.apple.product-type.application";
		};
/* End PBXNativeTarget section */

/* Begin PBXProject section */
		A80000010000000000000001 /* Project object */ = {
			isa = PBXProject;
			attributes = {
				BuildIndependentTargetsInParallel = 1;
				LastSwiftUpdateCheck = 1500;
				LastUpgradeCheck = 2620;
				TargetAttributes = {
					A50000010000000000000001 = {
						CreatedOnToolsVersion = 15.0;
					};
				};
			};
			buildConfigurationList = A70000010000000000000002 /* Build configuration list for PBXProject "Verg" */;
			compatibilityVersion = "Xcode 14.0";
			developmentRegion = en;
			hasScannedForEncodings = 0;
			knownRegions = (
				en,
				Base,
			);
			mainGroup = A40000010000000000000001;
			packageReferences = (
				95F6805F2F1DEF6600B93C28 /* XCRemoteSwiftPackageReference "purchases-ios" */,
			);
			productRefGroup = A40000010000000000000007 /* Products */;
			projectDirPath = "";
			projectRoot = "";
			targets = (
				A50000010000000000000001 /* Verg */,
			);
		};
/* End PBXProject section */

/* Begin PBXResourcesBuildPhase section */
		A60000010000000000000002 /* Resources */ = {
			isa = PBXResourcesBuildPhase;
			buildActionMask = 2147483647;
			files = (
				A10000010000000000000029 /* Assets.xcassets in Resources */,
				95F6805D2F1D205D00B93C28 /* 27421__kerri__zenbell_1.mp3 in Resources */,
				95F6805E2F1D205D00B93C28 /* 185822__lloydevans09__single-chime.wav in Resources */,
			);
			runOnlyForDeploymentPostprocessing = 0;
		};
/* End PBXResourcesBuildPhase section */

/* Begin PBXSourcesBuildPhase section */
		A60000010000000000000001 /* Sources */ = {
			isa = PBXSourcesBuildPhase;
			buildActionMask = 2147483647;
			files = (
				A10000010000000000000001 /* VergApp.swift in Sources */,
				A10000010000000000000002 /* ContentView.swift in Sources */,
				A10000010000000000000003 /* Theme.swift in Sources */,
				A10000010000000000000004 /* Date+Extensions.swift in Sources */,
				A10000010000000000000005 /* View+Extensions.swift in Sources */,
				A10000010000000000000006 /* Session.swift in Sources */,
				A10000010000000000000007 /* Settings.swift in Sources */,
				A10000010000000000000008 /* UserStats.swift in Sources */,
				A10000010000000000000009 /* AudioService.swift in Sources */,
				A10000010000000000000010 /* PurchaseService.swift in Sources */,
				A10000010000000000000011 /* StorageService.swift in Sources */,
				A10000010000000000000012 /* StreakService.swift in Sources */,
				A10000010000000000000013 /* TimerService.swift in Sources */,
				A10000010000000000000014 /* CameraView.swift in Sources */,
				A10000010000000000000015 /* CameraViewModel.swift in Sources */,
				A10000010000000000000016 /* HomeView.swift in Sources */,
				A10000010000000000000017 /* HomeViewModel.swift in Sources */,
				A10000010000000000000018 /* PaywallView.swift in Sources */,
				A10000010000000000000019 /* PaywallViewModel.swift in Sources */,
				A10000010000000000000020 /* SettingsView.swift in Sources */,
				A10000010000000000000021 /* SettingsViewModel.swift in Sources */,
				A10000010000000000000022 /* CalendarView.swift in Sources */,
				A10000010000000000000023 /* PageGridView.swift in Sources */,
				A10000010000000000000024 /* StatsView.swift in Sources */,
				A10000010000000000000025 /* StatsViewModel.swift in Sources */,
				A10000010000000000000026 /* CandleView.swift in Sources */,
				A10000010000000000000027 /* TimerView.swift in Sources */,
				A10000010000000000000028 /* TimerViewModel.swift in Sources */,
				A10000010000000000000031 /* OnboardingView.swift in Sources */,
				A10000010000000000000032 /* OnboardingPageView.swift in Sources */,
				A10000010000000000000033 /* OnboardingViewModel.swift in Sources */,
				84D808917CA182531D07412E /* AppStrings.swift in Sources */,
				4596C9C4F2E503561B307EC6 /* CoachMarkNoticeView.swift in Sources */,
				41720B928E05C6F67AA0E2E8 /* SessionGatingService.swift in Sources */,
			);
			runOnlyForDeploymentPostprocessing = 0;
		};
/* End PBXSourcesBuildPhase section */

/* Begin XCBuildConfiguration section */
		A90000010000000000000001 /* Debug */ = {
			isa = XCBuildConfiguration;
			buildSettings = {
				ALWAYS_SEARCH_USER_PATHS = NO;
				ASSETCATALOG_COMPILER_GENERATE_SWIFT_ASSET_SYMBOL_EXTENSIONS = YES;
				CLANG_ANALYZER_NONNULL = YES;
				CLANG_ANALYZER_NUMBER_OBJECT_CONVERSION = YES_AGGRESSIVE;
				CLANG_CXX_LANGUAGE_STANDARD = "gnu++20";
				CLANG_ENABLE_MODULES = YES;
				CLANG_ENABLE_OBJC_ARC = YES;
				CLANG_ENABLE_OBJC_WEAK = YES;
				CLANG_WARN_BLOCK_CAPTURE_AUTORELEASING = YES;
				CLANG_WARN_BOOL_CONVERSION = YES;
				CLANG_WARN_COMMA = YES;
				CLANG_WARN_CONSTANT_CONVERSION = YES;
				CLANG_WARN_DEPRECATED_OBJC_IMPLEMENTATIONS = YES;
				CLANG_WARN_DIRECT_OBJC_ISA_USAGE = YES_ERROR;
				CLANG_WARN_DOCUMENTATION_COMMENTS = YES;
				CLANG_WARN_EMPTY_BODY = YES;
				CLANG_WARN_ENUM_CONVERSION = YES;
				CLANG_WARN_INFINITE_RECURSION = YES;
				CLANG_WARN_INT_CONVERSION = YES;
				CLANG_WARN_NON_LITERAL_NULL_CONVERSION = YES;
				CLANG_WARN_OBJC_IMPLICIT_RETAIN_SELF = YES;
				CLANG_WARN_OBJC_LITERAL_CONVERSION = YES;
				CLANG_WARN_OBJC_ROOT_CLASS = YES_ERROR;
				CLANG_WARN_QUOTED_INCLUDE_IN_FRAMEWORK_HEADER = YES;
				CLANG_WARN_RANGE_LOOP_ANALYSIS = YES;
				CLANG_WARN_STRICT_PROTOTYPES = YES;
				CLANG_WARN_SUSPICIOUS_MOVE = YES;
				CLANG_WARN_UNGUARDED_AVAILABILITY = YES_AGGRESSIVE;
				CLANG_WARN_UNREACHABLE_CODE = YES;
				CLANG_WARN__DUPLICATE_METHOD_MATCH = YES;
				COPY_PHASE_STRIP = NO;
				DEBUG_INFORMATION_FORMAT = dwarf;
				ENABLE_STRICT_OBJC_MSGSEND = YES;
				ENABLE_TESTABILITY = YES;
				ENABLE_USER_SCRIPT_SANDBOXING = YES;
				GCC_C_LANGUAGE_STANDARD = gnu17;
				GCC_DYNAMIC_NO_PIC = NO;
				GCC_NO_COMMON_BLOCKS = YES;
				GCC_OPTIMIZATION_LEVEL = 0;
				GCC_PREPROCESSOR_DEFINITIONS = (
					"DEBUG=1",
					"$(inherited)",
				);
				GCC_WARN_64_TO_32_BIT_CONVERSION = YES;
				GCC_WARN_ABOUT_RETURN_TYPE = YES_ERROR;
				GCC_WARN_UNDECLARED_SELECTOR = YES;
				GCC_WARN_UNINITIALIZED_AUTOS = YES_AGGRESSIVE;
				GCC_WARN_UNUSED_FUNCTION = YES;
				GCC_WARN_UNUSED_VARIABLE = YES;
				IPHONEOS_DEPLOYMENT_TARGET = 17.0;
				LOCALIZATION_PREFERS_STRING_CATALOGS = YES;
				MTL_ENABLE_DEBUG_INFO = INCLUDE_SOURCE;
				MTL_FAST_MATH = YES;
				ONLY_ACTIVE_ARCH = YES;
				SDKROOT = iphoneos;
				STRING_CATALOG_GENERATE_SYMBOLS = YES;
				SWIFT_ACTIVE_COMPILATION_CONDITIONS = "DEBUG $(inherited)";
				SWIFT_OPTIMIZATION_LEVEL = "-Onone";
			};
			name = Debug;
		};
		A90000010000000000000002 /* Release */ = {
			isa = XCBuildConfiguration;
			buildSettings = {
				ALWAYS_SEARCH_USER_PATHS = NO;
				ASSETCATALOG_COMPILER_GENERATE_SWIFT_ASSET_SYMBOL_EXTENSIONS = YES;
				CLANG_ANALYZER_NONNULL = YES;
				CLANG_ANALYZER_NUMBER_OBJECT_CONVERSION = YES_AGGRESSIVE;
				CLANG_CXX_LANGUAGE_STANDARD = "gnu++20";
				CLANG_ENABLE_MODULES = YES;
				CLANG_ENABLE_OBJC_ARC = YES;
				CLANG_ENABLE_OBJC_WEAK = YES;
				CLANG_WARN_BLOCK_CAPTURE_AUTORELEASING = YES;
				CLANG_WARN_BOOL_CONVERSION = YES;
				CLANG_WARN_COMMA = YES;
				CLANG_WARN_CONSTANT_CONVERSION = YES;
				CLANG_WARN_DEPRECATED_OBJC_IMPLEMENTATIONS = YES;
				CLANG_WARN_DIRECT_OBJC_ISA_USAGE = YES_ERROR;
				CLANG_WARN_DOCUMENTATION_COMMENTS = YES;
				CLANG_WARN_EMPTY_BODY = YES;
				CLANG_WARN_ENUM_CONVERSION = YES;
				CLANG_WARN_INFINITE_RECURSION = YES;
				CLANG_WARN_INT_CONVERSION = YES;
				CLANG_WARN_NON_LITERAL_NULL_CONVERSION = YES;
				CLANG_WARN_OBJC_IMPLICIT_RETAIN_SELF = YES;
				CLANG_WARN_OBJC_LITERAL_CONVERSION = YES;
				CLANG_WARN_OBJC_ROOT_CLASS = YES_ERROR;
				CLANG_WARN_QUOTED_INCLUDE_IN_FRAMEWORK_HEADER = YES;
				CLANG_WARN_RANGE_LOOP_ANALYSIS = YES;
				CLANG_WARN_STRICT_PROTOTYPES = YES;
				CLANG_WARN_SUSPICIOUS_MOVE = YES;
				CLANG_WARN_UNGUARDED_AVAILABILITY = YES_AGGRESSIVE;
				CLANG_WARN_UNREACHABLE_CODE = YES;
				CLANG_WARN__DUPLICATE_METHOD_MATCH = YES;
				COPY_PHASE_STRIP = NO;
				DEBUG_INFORMATION_FORMAT = "dwarf-with-dsym";
				ENABLE_NS_ASSERTIONS = NO;
				ENABLE_STRICT_OBJC_MSGSEND = YES;
				ENABLE_USER_SCRIPT_SANDBOXING = YES;
				GCC_C_LANGUAGE_STANDARD = gnu17;
				GCC_NO_COMMON_BLOCKS = YES;
				GCC_WARN_64_TO_32_BIT_CONVERSION = YES;
				GCC_WARN_ABOUT_RETURN_TYPE = YES_ERROR;
				GCC_WARN_UNDECLARED_SELECTOR = YES;
				GCC_WARN_UNINITIALIZED_AUTOS = YES_AGGRESSIVE;
				GCC_WARN_UNUSED_FUNCTION = YES;
				GCC_WARN_UNUSED_VARIABLE = YES;
				IPHONEOS_DEPLOYMENT_TARGET = 17.0;
				LOCALIZATION_PREFERS_STRING_CATALOGS = YES;
				MTL_ENABLE_DEBUG_INFO = NO;
				MTL_FAST_MATH = YES;
				SDKROOT = iphoneos;
				STRING_CATALOG_GENERATE_SYMBOLS = YES;
				SWIFT_COMPILATION_MODE = wholemodule;
				VALIDATE_PRODUCT = YES;
			};
			name = Release;
		};
		A90000010000000000000003 /* Debug */ = {
			isa = XCBuildConfiguration;
			buildSettings = {
				ASSETCATALOG_COMPILER_APPICON_NAME = AppIcon;
				ASSETCATALOG_COMPILER_GLOBAL_ACCENT_COLOR_NAME = AccentColor;
				ASSETCATALOG_COMPILER_INCLUDE_ALL_APPICON_ASSETS = YES;
				CODE_SIGN_STYLE = Automatic;
				CURRENT_PROJECT_VERSION = 2;
				DEVELOPMENT_TEAM = 9GHNQ3ZYX9;
				ENABLE_PREVIEWS = YES;
				GENERATE_INFOPLIST_FILE = YES;
				INFOPLIST_FILE = Supporting/Info.plist;
				INFOPLIST_KEY_CFBundleDisplayName = Verg;
				INFOPLIST_KEY_ITSAppUsesNonExemptEncryption = NO;
				INFOPLIST_KEY_LSApplicationCategoryType = "public.app-category.productivity";
				INFOPLIST_KEY_NSCameraUsageDescription = "Verg needs camera access to capture photos of your journal pages after each writing session.";
				INFOPLIST_KEY_NSPhotoLibraryUsageDescription = "Verg needs photo library access to save your journal page photos.";
				INFOPLIST_KEY_UIApplicationSupportsIndirectInputEvents = YES;
				INFOPLIST_KEY_UILaunchStoryboardName = /Users/nous/Desktop/AppIcons/Assets.xcassets/AppIcon.appiconset;
				INFOPLIST_KEY_UIRequiredDeviceCapabilities = armv7;
				INFOPLIST_KEY_UIStatusBarStyle = UIStatusBarStyleLightContent;
				INFOPLIST_KEY_UISupportedInterfaceOrientations = UIInterfaceOrientationPortrait;
				INFOPLIST_KEY_UISupportedInterfaceOrientations_iPad = "UIInterfaceOrientationLandscapeLeft UIInterfaceOrientationLandscapeRight UIInterfaceOrientationPortrait UIInterfaceOrientationPortraitUpsideDown";
				INFOPLIST_KEY_UIUserInterfaceStyle = Dark;
				LD_RUNPATH_SEARCH_PATHS = (
					"$(inherited)",
					"@executable_path/Frameworks",
				);
				MARKETING_VERSION = 1.0;
				PRODUCT_BUNDLE_IDENTIFIER = com.verg.app;
				PRODUCT_NAME = "$(TARGET_NAME)";
				SWIFT_EMIT_LOC_STRINGS = YES;
				SWIFT_VERSION = 5.0;
				TARGETED_DEVICE_FAMILY = "1,2";
			};
			name = Debug;
		};
		A90000010000000000000004 /* Release */ = {
			isa = XCBuildConfiguration;
			buildSettings = {
				ASSETCATALOG_COMPILER_APPICON_NAME = AppIcon;
				ASSETCATALOG_COMPILER_GLOBAL_ACCENT_COLOR_NAME = AccentColor;
				ASSETCATALOG_COMPILER_INCLUDE_ALL_APPICON_ASSETS = YES;
				CODE_SIGN_STYLE = Automatic;
				CURRENT_PROJECT_VERSION = 2;
				DEVELOPMENT_TEAM = 9GHNQ3ZYX9;
				ENABLE_PREVIEWS = YES;
				GENERATE_INFOPLIST_FILE = YES;
				INFOPLIST_FILE = Supporting/Info.plist;
				INFOPLIST_KEY_CFBundleDisplayName = Verg;
				INFOPLIST_KEY_ITSAppUsesNonExemptEncryption = NO;
				INFOPLIST_KEY_LSApplicationCategoryType = "public.app-category.productivity";
				INFOPLIST_KEY_NSCameraUsageDescription = "Verg needs camera access to capture photos of your journal pages after each writing session.";
				INFOPLIST_KEY_NSPhotoLibraryUsageDescription = "Verg needs photo library access to save your journal page photos.";
				INFOPLIST_KEY_UIApplicationSupportsIndirectInputEvents = YES;
				INFOPLIST_KEY_UILaunchStoryboardName = /Users/nous/Desktop/AppIcons/Assets.xcassets/AppIcon.appiconset;
				INFOPLIST_KEY_UIRequiredDeviceCapabilities = armv7;
				INFOPLIST_KEY_UIStatusBarStyle = UIStatusBarStyleLightContent;
				INFOPLIST_KEY_UISupportedInterfaceOrientations = UIInterfaceOrientationPortrait;
				INFOPLIST_KEY_UISupportedInterfaceOrientations_iPad = "UIInterfaceOrientationLandscapeLeft UIInterfaceOrientationLandscapeRight UIInterfaceOrientationPortrait UIInterfaceOrientationPortraitUpsideDown";
				INFOPLIST_KEY_UIUserInterfaceStyle = Dark;
				LD_RUNPATH_SEARCH_PATHS = (
					"$(inherited)",
					"@executable_path/Frameworks",
				);
				MARKETING_VERSION = 1.0;
				PRODUCT_BUNDLE_IDENTIFIER = com.verg.app;
				PRODUCT_NAME = "$(TARGET_NAME)";
				SWIFT_EMIT_LOC_STRINGS = YES;
				SWIFT_VERSION = 5.0;
				TARGETED_DEVICE_FAMILY = "1,2";
			};
			name = Release;
		};
/* End XCBuildConfiguration section */

/* Begin XCConfigurationList section */
		A70000010000000000000001 /* Build configuration list for PBXNativeTarget "Verg" */ = {
			isa = XCConfigurationList;
			buildConfigurations = (
				A90000010000000000000003 /* Debug */,
				A90000010000000000000004 /* Release */,
			);
			defaultConfigurationIsVisible = 0;
			defaultConfigurationName = Release;
		};
		A70000010000000000000002 /* Build configuration list for PBXProject "Verg" */ = {
			isa = XCConfigurationList;
			buildConfigurations = (
				A90000010000000000000001 /* Debug */,
				A90000010000000000000002 /* Release */,
			);
			defaultConfigurationIsVisible = 0;
			defaultConfigurationName = Release;
		};
/* End XCConfigurationList section */

/* Begin XCRemoteSwiftPackageReference section */
		95F6805F2F1DEF6600B93C28 /* XCRemoteSwiftPackageReference "purchases-ios" */ = {
			isa = XCRemoteSwiftPackageReference;
			repositoryURL = "https://github.com/RevenueCat/purchases-ios";
			requirement = {
				kind = upToNextMajorVersion;
				minimumVersion = 5.55.1;
			};
		};
/* End XCRemoteSwiftPackageReference section */

/* Begin XCSwiftPackageProductDependency section */
		95F680602F1DEF6600B93C28 /* RevenueCat */ = {
			isa = XCSwiftPackageProductDependency;
			package = 95F6805F2F1DEF6600B93C28 /* XCRemoteSwiftPackageReference "purchases-ios" */;
			productName = RevenueCat;
		};
		95F680622F1DEF6600B93C28 /* RevenueCatUI */ = {
			isa = XCSwiftPackageProductDependency;
			package = 95F6805F2F1DEF6600B93C28 /* XCRemoteSwiftPackageReference "purchases-ios" */;
			productName = RevenueCatUI;
		};
/* End XCSwiftPackageProductDependency section */
	};
	rootObject = A80000010000000000000001 /* Project object */;
}
