// !$*UTF8*$!
{
	archiveVersion = 1;
	classes = {
	};
	objectVersion = 56;
	objects = {

/* Begin PBXBuildFile section */
		2121EF62BA745052689A2647 /* StoreScreenshots.swift in Sources */ = {isa = PBXBuildFile; fileRef = 9A3334EE92C75B27D64A936F /* StoreScreenshots.swift */; };
		2327A2B0F046CC33DBE68D02 /* BrightnessService.swift in Sources */ = {isa = PBXBuildFile; fileRef = DBBD1D40F4DC353098590A98 /* BrightnessService.swift */; };
		2A53449D3D5C82D352CF4E5D /* oracle_draw.wav in Resources */ = {isa = PBXBuildFile; fileRef = 4925EC5E8BD87481343A7029 /* oracle_draw.wav */; };
		37BC8986C09C76DD05F7410C /* PromptsView.swift in Sources */ = {isa = PBXBuildFile; fileRef = 52019627854D25B472BACF07 /* PromptsView.swift */; };
		37EA337057ECBB624B85FDF6 /* OnboardingProjectionTests.swift in Sources */ = {isa = PBXBuildFile; fileRef = A0EB2EA2468FDCFA22B69538 /* OnboardingProjectionTests.swift */; };
		40A9B4E8536EC83BCC001F96 /* Foundation.framework in Frameworks */ = {isa = PBXBuildFile; fileRef = 7AEEAEB60B010E7D6255DEF1 /* Foundation.framework */; };
		41720B928E05C6F67AA0E2E8 /* SessionGatingService.swift in Sources */ = {isa = PBXBuildFile; fileRef = E0E9AAF30597470AE40B5615 /* SessionGatingService.swift */; };
		44FDD276577C647B5EFE0C18 /* ambient_storm.m4a in Resources */ = {isa = PBXBuildFile; fileRef = 2FB0870FBFDAE6781C712AC6 /* ambient_storm.m4a */; };
		4596C9C4F2E503561B307EC6 /* CoachMarkNoticeView.swift in Sources */ = {isa = PBXBuildFile; fileRef = A1101A3ACB7B972887D35F7F /* CoachMarkNoticeView.swift */; };
		48E41DC190311552932A2598 /* CandleRelightTests.swift in Sources */ = {isa = PBXBuildFile; fileRef = 5A3B42F81731303223482210 /* CandleRelightTests.swift */; };
		5339DF6BB7415851C2763745 /* SessionGatingServiceTests.swift in Sources */ = {isa = PBXBuildFile; fileRef = F363E01CA80309C00CBFA394 /* SessionGatingServiceTests.swift */; };
		58611D7A7DD6C853B6F15217 /* TimeReclaimedTests.swift in Sources */ = {isa = PBXBuildFile; fileRef = 2B3EA26F8AEF44C05BFDF756 /* TimeReclaimedTests.swift */; };
		58D1E630C7A63C2B921B6850 /* ambient_replenish.m4a in Resources */ = {isa = PBXBuildFile; fileRef = 213D410F133EC97A9E13BDA3 /* ambient_replenish.m4a */; };
		667CA47039B7D924E46CC693 /* ambient_stream.m4a in Resources */ = {isa = PBXBuildFile; fileRef = 52D18BD1737C0BA640157030 /* ambient_stream.m4a */; };
		6B7C68B371EBE84982E1B033 /* ambient_earth.m4a in Resources */ = {isa = PBXBuildFile; fileRef = 80E5C6FB39AC9EA3518C0D3B /* ambient_earth.m4a */; };
		72C931788C9B814DF5E2B735 /* AppLockViews.swift in Sources */ = {isa = PBXBuildFile; fileRef = EC13728B9DF36E988801AE59 /* AppLockViews.swift */; };
		79325AD27BFFA6471C63BB58 /* PageFramingView.swift in Sources */ = {isa = PBXBuildFile; fileRef = 1450B3C90DF16939FECE4C76 /* PageFramingView.swift */; };
		7A1A05FB50DAE1A14005560C /* Links.swift in Sources */ = {isa = PBXBuildFile; fileRef = 517CC8EF72254D17CAC4AAE3 /* Links.swift */; };
		84D808917CA182531D07412E /* AppStrings.swift in Sources */ = {isa = PBXBuildFile; fileRef = 0037D8A48FC68AECADF0E328 /* AppStrings.swift */; };
		89CFE2F8A3ACB70A9B60AC08 /* PageCaptureTests.swift in Sources */ = {isa = PBXBuildFile; fileRef = 3DABEE012D4572BC7AFA1F71 /* PageCaptureTests.swift */; };
		8F3BEBBF89D78C454624EEA2 /* Foundation.framework in Frameworks */ = {isa = PBXBuildFile; fileRef = 7AEEAEB60B010E7D6255DEF1 /* Foundation.framework */; };
		9362AFD0F21ECF56B7936C4D /* ambient_movement.m4a in Resources */ = {isa = PBXBuildFile; fileRef = BF931F0B81C02B6A9E991A0A /* ambient_movement.m4a */; };
		95D8597677780E873EC4BEB7 /* AppLockService.swift in Sources */ = {isa = PBXBuildFile; fileRef = 0FE848EB2AD7DACC4A42882D /* AppLockService.swift */; };
		95F6805D2F1D205D00B93C28 /* 27421__kerri__zenbell_1.mp3 in Resources */ = {isa = PBXBuildFile; fileRef = 95F6805B2F1D205D00B93C28 /* 27421__kerri__zenbell_1.mp3 */; };
		95F6805E2F1D205D00B93C28 /* 185822__lloydevans09__single-chime.wav in Resources */ = {isa = PBXBuildFile; fileRef = 95F6805C2F1D205D00B93C28 /* 185822__lloydevans09__single-chime.wav */; };
		95F680612F1DEF6600B93C28 /* RevenueCat in Frameworks */ = {isa = PBXBuildFile; productRef = 95F680602F1DEF6600B93C28 /* RevenueCat */; };
		95F680632F1DEF6600B93C28 /* RevenueCatUI in Frameworks */ = {isa = PBXBuildFile; productRef = 95F680622F1DEF6600B93C28 /* RevenueCatUI */; };
		A10000010000000000000001 /* VergApp.swift in Sources */ = {isa = PBXBuildFile; fileRef = A20000010000000000000001 /* VergApp.swift */; };
		A10000010000000000000002 /* ContentView.swift in Sources */ = {isa = PBXBuildFile; fileRef = A20000010000000000000002 /* ContentView.swift */; };
		A10000010000000000000003 /* Theme.swift in Sources */ = {isa = PBXBuildFile; fileRef = A20000010000000000000003 /* Theme.swift */; };
		A10000010000000000000004 /* Date+Extensions.swift in Sources */ = {isa = PBXBuildFile; fileRef = A20000010000000000000004 /* Date+Extensions.swift */; };
		A10000010000000000000005 /* View+Extensions.swift in Sources */ = {isa = PBXBuildFile; fileRef = A20000010000000000000005 /* View+Extensions.swift */; };
		A10000010000000000000006 /* Session.swift in Sources */ = {isa = PBXBuildFile; fileRef = A20000010000000000000006 /* Session.swift */; };
		A10000010000000000000007 /* Settings.swift in Sources */ = {isa = PBXBuildFile; fileRef = A20000010000000000000007 /* Settings.swift */; };
		A10000010000000000000008 /* UserStats.swift in Sources */ = {isa = PBXBuildFile; fileRef = A20000010000000000000008 /* UserStats.swift */; };
		A10000010000000000000009 /* AudioService.swift in Sources */ = {isa = PBXBuildFile; fileRef = A20000010000000000000009 /* AudioService.swift */; };
		A10000010000000000000010 /* PurchaseService.swift in Sources */ = {isa = PBXBuildFile; fileRef = A20000010000000000000010 /* PurchaseService.swift */; };
		A10000010000000000000011 /* StorageService.swift in Sources */ = {isa = PBXBuildFile; fileRef = A20000010000000000000011 /* StorageService.swift */; };
		A10000010000000000000012 /* CandleService.swift in Sources */ = {isa = PBXBuildFile; fileRef = A20000010000000000000012 /* CandleService.swift */; };
		A10000010000000000000013 /* TimerService.swift in Sources */ = {isa = PBXBuildFile; fileRef = A20000010000000000000013 /* TimerService.swift */; };
		A10000010000000000000014 /* CameraView.swift in Sources */ = {isa = PBXBuildFile; fileRef = A20000010000000000000014 /* CameraView.swift */; };
		A10000010000000000000015 /* CameraViewModel.swift in Sources */ = {isa = PBXBuildFile; fileRef = A20000010000000000000015 /* CameraViewModel.swift */; };
		A10000010000000000000016 /* HomeView.swift in Sources */ = {isa = PBXBuildFile; fileRef = A20000010000000000000016 /* HomeView.swift */; };
		A10000010000000000000017 /* HomeViewModel.swift in Sources */ = {isa = PBXBuildFile; fileRef = A20000010000000000000017 /* HomeViewModel.swift */; };
		A10000010000000000000018 /* PaywallView.swift in Sources */ = {isa = PBXBuildFile; fileRef = A20000010000000000000018 /* PaywallView.swift */; };
		A10000010000000000000019 /* PaywallViewModel.swift in Sources */ = {isa = PBXBuildFile; fileRef = A20000010000000000000019 /* PaywallViewModel.swift */; };
		A10000010000000000000020 /* SettingsView.swift in Sources */ = {isa = PBXBuildFile; fileRef = A20000010000000000000020 /* SettingsView.swift */; };
		A10000010000000000000021 /* SettingsViewModel.swift in Sources */ = {isa = PBXBuildFile; fileRef = A20000010000000000000021 /* SettingsViewModel.swift */; };
		A10000010000000000000022 /* CalendarView.swift in Sources */ = {isa = PBXBuildFile; fileRef = A20000010000000000000022 /* CalendarView.swift */; };
		A10000010000000000000023 /* PageGridView.swift in Sources */ = {isa = PBXBuildFile; fileRef = A20000010000000000000023 /* PageGridView.swift */; };
		A10000010000000000000025 /* StatsViewModel.swift in Sources */ = {isa = PBXBuildFile; fileRef = A20000010000000000000025 /* StatsViewModel.swift */; };
		A10000010000000000000026 /* CandleView.swift in Sources */ = {isa = PBXBuildFile; fileRef = A20000010000000000000026 /* CandleView.swift */; };
		A10000010000000000000027 /* TimerView.swift in Sources */ = {isa = PBXBuildFile; fileRef = A20000010000000000000027 /* TimerView.swift */; };
		A10000010000000000000028 /* TimerViewModel.swift in Sources */ = {isa = PBXBuildFile; fileRef = A20000010000000000000028 /* TimerViewModel.swift */; };
		A10000010000000000000029 /* Assets.xcassets in Resources */ = {isa = PBXBuildFile; fileRef = A20000010000000000000029 /* Assets.xcassets */; platformFilter = ios; };
		A10000010000000000000031 /* OnboardingView.swift in Sources */ = {isa = PBXBuildFile; fileRef = A20000010000000000000031 /* OnboardingView.swift */; };
		A10000010000000000000033 /* OnboardingViewModel.swift in Sources */ = {isa = PBXBuildFile; fileRef = A20000010000000000000033 /* OnboardingViewModel.swift */; };
		A10000010000000000000034 /* CustomTabBar.swift in Sources */ = {isa = PBXBuildFile; fileRef = A20000010000000000000034 /* CustomTabBar.swift */; };
		A10000010000000000000035 /* VergFlameView.swift in Sources */ = {isa = PBXBuildFile; fileRef = A20000010000000000000035 /* VergFlameView.swift */; };
		A10000010000000000000037 /* JournalView.swift in Sources */ = {isa = PBXBuildFile; fileRef = A20000010000000000000037 /* JournalView.swift */; };
		A10000010000000000000038 /* Milestone.swift in Sources */ = {isa = PBXBuildFile; fileRef = A20000010000000000000038 /* Milestone.swift */; };
		A10000010000000000000039 /* AchievementService.swift in Sources */ = {isa = PBXBuildFile; fileRef = A20000010000000000000039 /* AchievementService.swift */; };
		A10000010000000000000040 /* MilestonesView.swift in Sources */ = {isa = PBXBuildFile; fileRef = A20000010000000000000040 /* MilestonesView.swift */; };
		A10000010000000000000041 /* MilestoneCelebrationView.swift in Sources */ = {isa = PBXBuildFile; fileRef = A20000010000000000000041 /* MilestoneCelebrationView.swift */; };
		A10000010000000000000042 /* Book.swift in Sources */ = {isa = PBXBuildFile; fileRef = A20000010000000000000042 /* Book.swift */; };
		A10000010000000000000043 /* BookDetailView.swift in Sources */ = {isa = PBXBuildFile; fileRef = A20000010000000000000043 /* BookDetailView.swift */; };
		A10000010000000000000044 /* ambient_rain.caf in Resources */ = {isa = PBXBuildFile; fileRef = A20000010000000000000044 /* ambient_rain.caf */; };
		A10000010000000000000045 /* ambient_fire.caf in Resources */ = {isa = PBXBuildFile; fileRef = A20000010000000000000045 /* ambient_fire.caf */; };
		A10000010000000000000046 /* ambient_focus.caf in Resources */ = {isa = PBXBuildFile; fileRef = A20000010000000000000046 /* ambient_focus.caf */; };
		A10000010000000000000047 /* ZoomableImageView.swift in Sources */ = {isa = PBXBuildFile; fileRef = A20000010000000000000047 /* ZoomableImageView.swift */; };
		A10000010000000000000048 /* TimeReclaimed.swift in Sources */ = {isa = PBXBuildFile; fileRef = A20000010000000000000048 /* TimeReclaimed.swift */; };
		A10000010000000000000049 /* OnboardingProjection.swift in Sources */ = {isa = PBXBuildFile; fileRef = A20000010000000000000049 /* OnboardingProjection.swift */; };
		A10000010000000000000050 /* WeeklyGoalMilestone.swift in Sources */ = {isa = PBXBuildFile; fileRef = A20000010000000000000050 /* WeeklyGoalMilestone.swift */; };
		A10000010000000000000051 /* RatingPromptService.swift in Sources */ = {isa = PBXBuildFile; fileRef = A20000010000000000000051 /* RatingPromptService.swift */; };
		A10000010000000000000052 /* OnboardingStepViews.swift in Sources */ = {isa = PBXBuildFile; fileRef = A20000010000000000000052 /* OnboardingStepViews.swift */; };
		A10000010000000000000053 /* CandleRelight.swift in Sources */ = {isa = PBXBuildFile; fileRef = A20000010000000000000053 /* CandleRelight.swift */; };
		A10000010000000000000054 /* Terrace.swift in Sources */ = {isa = PBXBuildFile; fileRef = A20000010000000000000054 /* Terrace.swift */; };
		A10000010000000000000055 /* LibraryView.swift in Sources */ = {isa = PBXBuildFile; fileRef = A20000010000000000000055 /* LibraryView.swift */; };
		A10000010000000000000057 /* TabBarAutoHide.swift in Sources */ = {isa = PBXBuildFile; fileRef = A20000010000000000000057 /* TabBarAutoHide.swift */; };
		B149AD1EF9111F56CF2898BD /* MilestoneLogicTests.swift in Sources */ = {isa = PBXBuildFile; fileRef = 4C3F6D131429DF832DEC156D /* MilestoneLogicTests.swift */; };
		B581A0CAD6F8EC9F16246805 /* WritingPrompt.swift in Sources */ = {isa = PBXBuildFile; fileRef = 5FEA8350AEF2EA9FB71E7A9F /* WritingPrompt.swift */; };
		B8D3EDEFD64E0B0FFDB2309A /* CandleDaysLitStateTests.swift in Sources */ = {isa = PBXBuildFile; fileRef = 85EC2041E044532B57A5617A /* CandleDaysLitStateTests.swift */; };
		C5735C6029D2E9F5B3721A58 /* VersionShot.swift in Sources */ = {isa = PBXBuildFile; fileRef = 5B9145A38AE1CCCF93225D83 /* VersionShot.swift */; };
		C9F37734AEC8C334F08C503F /* ambient_motion.m4a in Resources */ = {isa = PBXBuildFile; fileRef = D66B0478F0B1B87D3C18A0C6 /* ambient_motion.m4a */; };
		D7B1C5FD6D6E734DD931B22A /* ambient_floating.m4a in Resources */ = {isa = PBXBuildFile; fileRef = FF7A7749761A40116B7282BF /* ambient_floating.m4a */; };
		DBF85CC00BAB63176ADB9C70 /* ProductIdentifiers.swift in Sources */ = {isa = PBXBuildFile; fileRef = 6D95EF34BEA0EECAB4880F8D /* ProductIdentifiers.swift */; };
		DC83CEA230D1B5AFA07BE16B /* ambient_deep.m4a in Resources */ = {isa = PBXBuildFile; fileRef = FADBFB1EA0CFE9BA340C3877 /* ambient_deep.m4a */; };
		E6951BF72A20C2C005D2ED6A /* PageCapture.swift in Sources */ = {isa = PBXBuildFile; fileRef = FD0A20F00D8D4B1B5CE0E2AA /* PageCapture.swift */; };
		EBE50F474E89A8361C62810C /* TerraceTests.swift in Sources */ = {isa = PBXBuildFile; fileRef = ACC785888D739156328E98A1 /* TerraceTests.swift */; };
		F481BCFEB8A889E1905AEDA2 /* TimeReclaimedCardView.swift in Sources */ = {isa = PBXBuildFile; fileRef = 898AD9244BCD3A4014BB05AC /* TimeReclaimedCardView.swift */; };
		FDA2A4020948DF89A7806BE7 /* BookLogicTests.swift in Sources */ = {isa = PBXBuildFile; fileRef = 04EC071F00E1D30084A3F7A3 /* BookLogicTests.swift */; };
		FE010E0A085A8821668E2EB4 /* AccessCodeTests.swift in Sources */ = {isa = PBXBuildFile; fileRef = 45840E03A94B56147976922D /* AccessCodeTests.swift */; };
		FE21BE39C77080DB4C472ED2 /* VergUIFlowTests.swift in Sources */ = {isa = PBXBuildFile; fileRef = E603CD9BF9C89C51682CB985 /* VergUIFlowTests.swift */; };
/* End PBXBuildFile section */

/* Begin PBXContainerItemProxy section */
		0AD2EE5524B296C5AB67C36A /* PBXContainerItemProxy */ = {
			isa = PBXContainerItemProxy;
			containerPortal = A80000010000000000000001 /* Project object */;
			proxyType = 1;
			remoteGlobalIDString = A50000010000000000000001;
			remoteInfo = Verg;
		};
		75181FD09E2C0CCB2F43F700 /* PBXContainerItemProxy */ = {
			isa = PBXContainerItemProxy;
			containerPortal = A80000010000000000000001 /* Project object */;
			proxyType = 1;
			remoteGlobalIDString = A50000010000000000000001;
			remoteInfo = Verg;
		};
/* End PBXContainerItemProxy section */

/* Begin PBXFileReference section */
		0037D8A48FC68AECADF0E328 /* AppStrings.swift */ = {isa = PBXFileReference; includeInIndex = 1; lastKnownFileType = sourcecode.swift; name = AppStrings.swift; path = Core/Constants/AppStrings.swift; sourceTree = "<group>"; };
		04EC071F00E1D30084A3F7A3 /* BookLogicTests.swift */ = {isa = PBXFileReference; includeInIndex = 1; lastKnownFileType = sourcecode.swift; name = BookLogicTests.swift; path = BookLogicTests.swift; sourceTree = "<group>"; };
		0FE848EB2AD7DACC4A42882D /* AppLockService.swift */ = {isa = PBXFileReference; includeInIndex = 1; lastKnownFileType = sourcecode.swift; path = AppLockService.swift; sourceTree = "<group>"; };
		1450B3C90DF16939FECE4C76 /* PageFramingView.swift */ = {isa = PBXFileReference; includeInIndex = 1; lastKnownFileType = sourcecode.swift; path = PageFramingView.swift; sourceTree = "<group>"; };
		213D410F133EC97A9E13BDA3 /* ambient_replenish.m4a */ = {isa = PBXFileReference; includeInIndex = 1; name = ambient_replenish.m4a; path = Sounds/ambient_replenish.m4a; sourceTree = "<group>"; };
		2B3EA26F8AEF44C05BFDF756 /* TimeReclaimedTests.swift */ = {isa = PBXFileReference; includeInIndex = 1; lastKnownFileType = sourcecode.swift; name = TimeReclaimedTests.swift; path = TimeReclaimedTests.swift; sourceTree = "<group>"; };
		2FB0870FBFDAE6781C712AC6 /* ambient_storm.m4a */ = {isa = PBXFileReference; includeInIndex = 1; name = ambient_storm.m4a; path = Sounds/ambient_storm.m4a; sourceTree = "<group>"; };
		3DABEE012D4572BC7AFA1F71 /* PageCaptureTests.swift */ = {isa = PBXFileReference; includeInIndex = 1; lastKnownFileType = sourcecode.swift; name = PageCaptureTests.swift; path = PageCaptureTests.swift; sourceTree = "<group>"; };
		45840E03A94B56147976922D /* AccessCodeTests.swift */ = {isa = PBXFileReference; includeInIndex = 1; lastKnownFileType = sourcecode.swift; path = AccessCodeTests.swift; sourceTree = "<group>"; };
		4925EC5E8BD87481343A7029 /* oracle_draw.wav */ = {isa = PBXFileReference; includeInIndex = 1; path = Sounds/oracle_draw.wav; sourceTree = "<group>"; };
		4C3F6D131429DF832DEC156D /* MilestoneLogicTests.swift */ = {isa = PBXFileReference; includeInIndex = 1; lastKnownFileType = sourcecode.swift; name = MilestoneLogicTests.swift; path = MilestoneLogicTests.swift; sourceTree = "<group>"; };
		517CC8EF72254D17CAC4AAE3 /* Links.swift */ = {isa = PBXFileReference; includeInIndex = 1; lastKnownFileType = sourcecode.swift; path = Core/Constants/Links.swift; sourceTree = "<group>"; };
		52019627854D25B472BACF07 /* PromptsView.swift */ = {isa = PBXFileReference; includeInIndex = 1; lastKnownFileType = sourcecode.swift; name = PromptsView.swift; path = Features/Prompts/PromptsView.swift; sourceTree = "<group>"; };
		52D18BD1737C0BA640157030 /* ambient_stream.m4a */ = {isa = PBXFileReference; includeInIndex = 1; name = ambient_stream.m4a; path = Sounds/ambient_stream.m4a; sourceTree = "<group>"; };
		5A3B42F81731303223482210 /* CandleRelightTests.swift */ = {isa = PBXFileReference; includeInIndex = 1; lastKnownFileType = sourcecode.swift; path = CandleRelightTests.swift; sourceTree = "<group>"; };
		5B9145A38AE1CCCF93225D83 /* VersionShot.swift */ = {isa = PBXFileReference; includeInIndex = 1; lastKnownFileType = sourcecode.swift; name = VersionShot.swift; path = VersionFooterTests.swift; sourceTree = "<group>"; };
		5FEA8350AEF2EA9FB71E7A9F /* WritingPrompt.swift */ = {isa = PBXFileReference; includeInIndex = 1; lastKnownFileType = sourcecode.swift; path = WritingPrompt.swift; sourceTree = "<group>"; };
		678AE28650CE08196318789C /* VergUITests.xctest */ = {isa = PBXFileReference; explicitFileType = wrapper.cfbundle; includeInIndex = 0; path = VergUITests.xctest; sourceTree = BUILT_PRODUCTS_DIR; };
		6D95EF34BEA0EECAB4880F8D /* ProductIdentifiers.swift */ = {isa = PBXFileReference; includeInIndex = 1; lastKnownFileType = sourcecode.swift; name = ProductIdentifiers.swift; path = Core/Constants/ProductIdentifiers.swift; sourceTree = "<group>"; };
		7AEEAEB60B010E7D6255DEF1 /* Foundation.framework */ = {isa = PBXFileReference; lastKnownFileType = wrapper.framework; name = Foundation.framework; path = Platforms/iPhoneOS.platform/Developer/SDKs/iPhoneOS18.0.sdk/System/Library/Frameworks/Foundation.framework; sourceTree = DEVELOPER_DIR; };
		80E5C6FB39AC9EA3518C0D3B /* ambient_earth.m4a */ = {isa = PBXFileReference; includeInIndex = 1; name = ambient_earth.m4a; path = Sounds/ambient_earth.m4a; sourceTree = "<group>"; };
		85EC2041E044532B57A5617A /* CandleDaysLitStateTests.swift */ = {isa = PBXFileReference; includeInIndex = 1; lastKnownFileType = sourcecode.swift; path = CandleDaysLitStateTests.swift; sourceTree = "<group>"; };
		898AD9244BCD3A4014BB05AC /* TimeReclaimedCardView.swift */ = {isa = PBXFileReference; includeInIndex = 1; lastKnownFileType = sourcecode.swift; path = TimeReclaimedCardView.swift; sourceTree = "<group>"; };
		955D4E492F1F42A100D1B2E4 /* VergProducts.storekit */ = {isa = PBXFileReference; lastKnownFileType = text; path = VergProducts.storekit; sourceTree = "<group>"; };
		95F6805B2F1D205D00B93C28 /* 27421__kerri__zenbell_1.mp3 */ = {isa = PBXFileReference; lastKnownFileType = audio.mp3; path = 27421__kerri__zenbell_1.mp3; sourceTree = "<group>"; };
		95F6805C2F1D205D00B93C28 /* 185822__lloydevans09__single-chime.wav */ = {isa = PBXFileReference; lastKnownFileType = audio.wav; path = "185822__lloydevans09__single-chime.wav"; sourceTree = "<group>"; };
		9A3334EE92C75B27D64A936F /* StoreScreenshots.swift */ = {isa = PBXFileReference; includeInIndex = 1; lastKnownFileType = sourcecode.swift; path = StoreScreenshots.swift; sourceTree = "<group>"; };
		A0EB2EA2468FDCFA22B69538 /* OnboardingProjectionTests.swift */ = {isa = PBXFileReference; includeInIndex = 1; lastKnownFileType = sourcecode.swift; path = OnboardingProjectionTests.swift; sourceTree = "<group>"; };
		A1101A3ACB7B972887D35F7F /* CoachMarkNoticeView.swift */ = {isa = PBXFileReference; includeInIndex = 1; lastKnownFileType = sourcecode.swift; name = CoachMarkNoticeView.swift; path = Features/CoachMark/CoachMarkNoticeView.swift; sourceTree = "<group>"; };
		A20000010000000000000000 /* Verg.app */ = {isa = PBXFileReference; explicitFileType = wrapper.application; includeInIndex = 0; path = Verg.app; sourceTree = BUILT_PRODUCTS_DIR; };
		A20000010000000000000001 /* VergApp.swift */ = {isa = PBXFileReference; lastKnownFileType = sourcecode.swift; path = VergApp.swift; sourceTree = "<group>"; };
		A20000010000000000000002 /* ContentView.swift */ = {isa = PBXFileReference; lastKnownFileType = sourcecode.swift; path = ContentView.swift; sourceTree = "<group>"; };
		A20000010000000000000003 /* Theme.swift */ = {isa = PBXFileReference; lastKnownFileType = sourcecode.swift; path = Theme.swift; sourceTree = "<group>"; };
		A20000010000000000000004 /* Date+Extensions.swift */ = {isa = PBXFileReference; lastKnownFileType = sourcecode.swift; path = "Date+Extensions.swift"; sourceTree = "<group>"; };
		A20000010000000000000005 /* View+Extensions.swift */ = {isa = PBXFileReference; lastKnownFileType = sourcecode.swift; path = "View+Extensions.swift"; sourceTree = "<group>"; };
		A20000010000000000000006 /* Session.swift */ = {isa = PBXFileReference; lastKnownFileType = sourcecode.swift; path = Session.swift; sourceTree = "<group>"; };
		A20000010000000000000007 /* Settings.swift */ = {isa = PBXFileReference; lastKnownFileType = sourcecode.swift; path = Settings.swift; sourceTree = "<group>"; };
		A20000010000000000000008 /* UserStats.swift */ = {isa = PBXFileReference; lastKnownFileType = sourcecode.swift; path = UserStats.swift; sourceTree = "<group>"; };
		A20000010000000000000009 /* AudioService.swift */ = {isa = PBXFileReference; lastKnownFileType = sourcecode.swift; path = AudioService.swift; sourceTree = "<group>"; };
		A20000010000000000000010 /* PurchaseService.swift */ = {isa = PBXFileReference; lastKnownFileType = sourcecode.swift; path = PurchaseService.swift; sourceTree = "<group>"; };
		A20000010000000000000011 /* StorageService.swift */ = {isa = PBXFileReference; lastKnownFileType = sourcecode.swift; path = StorageService.swift; sourceTree = "<group>"; };
		A20000010000000000000012 /* CandleService.swift */ = {isa = PBXFileReference; lastKnownFileType = sourcecode.swift; path = CandleService.swift; sourceTree = "<group>"; };
		A20000010000000000000013 /* TimerService.swift */ = {isa = PBXFileReference; lastKnownFileType = sourcecode.swift; path = TimerService.swift; sourceTree = "<group>"; };
		A20000010000000000000014 /* CameraView.swift */ = {isa = PBXFileReference; lastKnownFileType = sourcecode.swift; path = CameraView.swift; sourceTree = "<group>"; };
		A20000010000000000000015 /* CameraViewModel.swift */ = {isa = PBXFileReference; lastKnownFileType = sourcecode.swift; path = CameraViewModel.swift; sourceTree = "<group>"; };
		A20000010000000000000016 /* HomeView.swift */ = {isa = PBXFileReference; lastKnownFileType = sourcecode.swift; path = HomeView.swift; sourceTree = "<group>"; };
		A20000010000000000000017 /* HomeViewModel.swift */ = {isa = PBXFileReference; lastKnownFileType = sourcecode.swift; path = HomeViewModel.swift; sourceTree = "<group>"; };
		A20000010000000000000018 /* PaywallView.swift */ = {isa = PBXFileReference; lastKnownFileType = sourcecode.swift; path = PaywallView.swift; sourceTree = "<group>"; };
		A20000010000000000000019 /* PaywallViewModel.swift */ = {isa = PBXFileReference; lastKnownFileType = sourcecode.swift; path = PaywallViewModel.swift; sourceTree = "<group>"; };
		A20000010000000000000020 /* SettingsView.swift */ = {isa = PBXFileReference; lastKnownFileType = sourcecode.swift; path = SettingsView.swift; sourceTree = "<group>"; };
		A20000010000000000000021 /* SettingsViewModel.swift */ = {isa = PBXFileReference; lastKnownFileType = sourcecode.swift; path = SettingsViewModel.swift; sourceTree = "<group>"; };
		A20000010000000000000022 /* CalendarView.swift */ = {isa = PBXFileReference; lastKnownFileType = sourcecode.swift; path = CalendarView.swift; sourceTree = "<group>"; };
		A20000010000000000000023 /* PageGridView.swift */ = {isa = PBXFileReference; lastKnownFileType = sourcecode.swift; path = PageGridView.swift; sourceTree = "<group>"; };
		A20000010000000000000025 /* StatsViewModel.swift */ = {isa = PBXFileReference; lastKnownFileType = sourcecode.swift; path = StatsViewModel.swift; sourceTree = "<group>"; };
		A20000010000000000000026 /* CandleView.swift */ = {isa = PBXFileReference; lastKnownFileType = sourcecode.swift; path = CandleView.swift; sourceTree = "<group>"; };
		A20000010000000000000027 /* TimerView.swift */ = {isa = PBXFileReference; lastKnownFileType = sourcecode.swift; path = TimerView.swift; sourceTree = "<group>"; };
		A20000010000000000000028 /* TimerViewModel.swift */ = {isa = PBXFileReference; lastKnownFileType = sourcecode.swift; path = TimerViewModel.swift; sourceTree = "<group>"; };
		A20000010000000000000029 /* Assets.xcassets */ = {isa = PBXFileReference; lastKnownFileType = folder.assetcatalog; path = Assets.xcassets; sourceTree = "<group>"; };
		A20000010000000000000030 /* Info.plist */ = {isa = PBXFileReference; lastKnownFileType = text.plist.xml; path = Info.plist; sourceTree = "<group>"; };
		A20000010000000000000031 /* OnboardingView.swift */ = {isa = PBXFileReference; lastKnownFileType = sourcecode.swift; path = OnboardingView.swift; sourceTree = "<group>"; };
		A20000010000000000000033 /* OnboardingViewModel.swift */ = {isa = PBXFileReference; lastKnownFileType = sourcecode.swift; path = OnboardingViewModel.swift; sourceTree = "<group>"; };
		A20000010000000000000034 /* CustomTabBar.swift */ = {isa = PBXFileReference; lastKnownFileType = sourcecode.swift; path = CustomTabBar.swift; sourceTree = "<group>"; };
		A20000010000000000000035 /* VergFlameView.swift */ = {isa = PBXFileReference; lastKnownFileType = sourcecode.swift; path = VergFlameView.swift; sourceTree = "<group>"; };
		A20000010000000000000037 /* JournalView.swift */ = {isa = PBXFileReference; lastKnownFileType = sourcecode.swift; path = JournalView.swift; sourceTree = "<group>"; };
		A20000010000000000000038 /* Milestone.swift */ = {isa = PBXFileReference; lastKnownFileType = sourcecode.swift; path = Milestone.swift; sourceTree = "<group>"; };
		A20000010000000000000039 /* AchievementService.swift */ = {isa = PBXFileReference; lastKnownFileType = sourcecode.swift; path = AchievementService.swift; sourceTree = "<group>"; };
		A20000010000000000000040 /* MilestonesView.swift */ = {isa = PBXFileReference; lastKnownFileType = sourcecode.swift; path = MilestonesView.swift; sourceTree = "<group>"; };
		A20000010000000000000041 /* MilestoneCelebrationView.swift */ = {isa = PBXFileReference; lastKnownFileType = sourcecode.swift; path = MilestoneCelebrationView.swift; sourceTree = "<group>"; };
		A20000010000000000000042 /* Book.swift */ = {isa = PBXFileReference; lastKnownFileType = sourcecode.swift; path = Book.swift; sourceTree = "<group>"; };
		A20000010000000000000043 /* BookDetailView.swift */ = {isa = PBXFileReference; lastKnownFileType = sourcecode.swift; path = BookDetailView.swift; sourceTree = "<group>"; };
		A20000010000000000000044 /* ambient_rain.caf */ = {isa = PBXFileReference; lastKnownFileType = audio.caf; name = ambient_rain.caf; path = Sounds/ambient_rain.caf; sourceTree = "<group>"; };
		A20000010000000000000045 /* ambient_fire.caf */ = {isa = PBXFileReference; lastKnownFileType = audio.caf; name = ambient_fire.caf; path = Sounds/ambient_fire.caf; sourceTree = "<group>"; };
		A20000010000000000000046 /* ambient_focus.caf */ = {isa = PBXFileReference; lastKnownFileType = audio.caf; name = ambient_focus.caf; path = Sounds/ambient_focus.caf; sourceTree = "<group>"; };
		A20000010000000000000047 /* ZoomableImageView.swift */ = {isa = PBXFileReference; lastKnownFileType = sourcecode.swift; path = ZoomableImageView.swift; sourceTree = "<group>"; };
		A20000010000000000000048 /* TimeReclaimed.swift */ = {isa = PBXFileReference; lastKnownFileType = sourcecode.swift; path = TimeReclaimed.swift; sourceTree = "<group>"; };
		A20000010000000000000049 /* OnboardingProjection.swift */ = {isa = PBXFileReference; lastKnownFileType = sourcecode.swift; path = OnboardingProjection.swift; sourceTree = "<group>"; };
		A20000010000000000000050 /* WeeklyGoalMilestone.swift */ = {isa = PBXFileReference; lastKnownFileType = sourcecode.swift; path = WeeklyGoalMilestone.swift; sourceTree = "<group>"; };
		A20000010000000000000051 /* RatingPromptService.swift */ = {isa = PBXFileReference; lastKnownFileType = sourcecode.swift; path = RatingPromptService.swift; sourceTree = "<group>"; };
		A20000010000000000000052 /* OnboardingStepViews.swift */ = {isa = PBXFileReference; lastKnownFileType = sourcecode.swift; path = OnboardingStepViews.swift; sourceTree = "<group>"; };
		A20000010000000000000053 /* CandleRelight.swift */ = {isa = PBXFileReference; lastKnownFileType = sourcecode.swift; path = CandleRelight.swift; sourceTree = "<group>"; };
		A20000010000000000000054 /* Terrace.swift */ = {isa = PBXFileReference; lastKnownFileType = sourcecode.swift; path = Terrace.swift; sourceTree = "<group>"; };
		A20000010000000000000055 /* LibraryView.swift */ = {isa = PBXFileReference; lastKnownFileType = sourcecode.swift; path = LibraryView.swift; sourceTree = "<group>"; };
		A20000010000000000000057 /* TabBarAutoHide.swift */ = {isa = PBXFileReference; lastKnownFileType = sourcecode.swift; path = TabBarAutoHide.swift; sourceTree = "<group>"; };
		ACC785888D739156328E98A1 /* TerraceTests.swift */ = {isa = PBXFileReference; includeInIndex = 1; lastKnownFileType = sourcecode.swift; path = TerraceTests.swift; sourceTree = "<group>"; };
		BA85F0D61ED1E6AE8A4E80C4 /* VergTests.xctest */ = {isa = PBXFileReference; explicitFileType = wrapper.cfbundle; includeInIndex = 0; path = VergTests.xctest; sourceTree = BUILT_PRODUCTS_DIR; };
		BF931F0B81C02B6A9E991A0A /* ambient_movement.m4a */ = {isa = PBXFileReference; includeInIndex = 1; name = ambient_movement.m4a; path = Sounds/ambient_movement.m4a; sourceTree = "<group>"; };
		D66B0478F0B1B87D3C18A0C6 /* ambient_motion.m4a */ = {isa = PBXFileReference; includeInIndex = 1; name = ambient_motion.m4a; path = Sounds/ambient_motion.m4a; sourceTree = "<group>"; };
		DBBD1D40F4DC353098590A98 /* BrightnessService.swift */ = {isa = PBXFileReference; includeInIndex = 1; lastKnownFileType = sourcecode.swift; name = BrightnessService.swift; path = Core/Services/BrightnessService.swift; sourceTree = "<group>"; };
		E0E9AAF30597470AE40B5615 /* SessionGatingService.swift */ = {isa = PBXFileReference; includeInIndex = 1; lastKnownFileType = sourcecode.swift; name = SessionGatingService.swift; path = Core/Services/SessionGatingService.swift; sourceTree = "<group>"; };
		E603CD9BF9C89C51682CB985 /* VergUIFlowTests.swift */ = {isa = PBXFileReference; includeInIndex = 1; lastKnownFileType = sourcecode.swift; path = VergUIFlowTests.swift; sourceTree = "<group>"; };
		EC13728B9DF36E988801AE59 /* AppLockViews.swift */ = {isa = PBXFileReference; includeInIndex = 1; lastKnownFileType = sourcecode.swift; path = AppLockViews.swift; sourceTree = "<group>"; };
		F363E01CA80309C00CBFA394 /* SessionGatingServiceTests.swift */ = {isa = PBXFileReference; includeInIndex = 1; lastKnownFileType = sourcecode.swift; name = SessionGatingServiceTests.swift; path = SessionGatingServiceTests.swift; sourceTree = "<group>"; };
		FADBFB1EA0CFE9BA340C3877 /* ambient_deep.m4a */ = {isa = PBXFileReference; includeInIndex = 1; name = ambient_deep.m4a; path = Sounds/ambient_deep.m4a; sourceTree = "<group>"; };
		FD0A20F00D8D4B1B5CE0E2AA /* PageCapture.swift */ = {isa = PBXFileReference; includeInIndex = 1; lastKnownFileType = sourcecode.swift; name = PageCapture.swift; path = Core/Constants/PageCapture.swift; sourceTree = "<group>"; };
		FF7A7749761A40116B7282BF /* ambient_floating.m4a */ = {isa = PBXFileReference; includeInIndex = 1; name = ambient_floating.m4a; path = Sounds/ambient_floating.m4a; sourceTree = "<group>"; };
/* End PBXFileReference section */

/* Begin PBXFrameworksBuildPhase section */
		014297FFE5CC35DE7B6710BF /* Frameworks */ = {
			isa = PBXFrameworksBuildPhase;
			buildActionMask = 2147483647;
			files = (
				40A9B4E8536EC83BCC001F96 /* Foundation.framework in Frameworks */,
			);
			runOnlyForDeploymentPostprocessing = 0;
		};
		8CF5552E1DC6FA086FFD3901 /* Frameworks */ = {
			isa = PBXFrameworksBuildPhase;
			buildActionMask = 2147483647;
			files = (
				8F3BEBBF89D78C454624EEA2 /* Foundation.framework in Frameworks */,
			);
			runOnlyForDeploymentPostprocessing = 0;
		};
		A30000010000000000000001 /* Frameworks */ = {
			isa = PBXFrameworksBuildPhase;
			buildActionMask = 2147483647;
			files = (
				95F680632F1DEF6600B93C28 /* RevenueCatUI in Frameworks */,
				95F680612F1DEF6600B93C28 /* RevenueCat in Frameworks */,
			);
			runOnlyForDeploymentPostprocessing = 0;
		};
/* End PBXFrameworksBuildPhase section */

/* Begin PBXGroup section */
		02090A7E99DB6005712609EE /* Frameworks */ = {
			isa = PBXGroup;
			children = (
				062073EE3A251B369868A115 /* iOS */,
			);
			name = Frameworks;
			sourceTree = "<group>";
		};
		062073EE3A251B369868A115 /* iOS */ = {
			isa = PBXGroup;
			children = (
				7AEEAEB60B010E7D6255DEF1 /* Foundation.framework */,
			);
			name = iOS;
			sourceTree = "<group>";
		};
		10BD6DE57AF4F972400D082F /* Services */ = {
			isa = PBXGroup;
			children = (
				E0E9AAF30597470AE40B5615 /* SessionGatingService.swift */,
				DBBD1D40F4DC353098590A98 /* BrightnessService.swift */,
			);
			name = Services;
			sourceTree = "<group>";
		};
		48193612D729384CC6E6DEDE /* Constants */ = {
			isa = PBXGroup;
			children = (
			);
			name = Constants;
			sourceTree = "<group>";
		};
		5DEAE9590E6A90B9A88E76C8 /* Constants */ = {
			isa = PBXGroup;
			children = (
				0037D8A48FC68AECADF0E328 /* AppStrings.swift */,
				6D95EF34BEA0EECAB4880F8D /* ProductIdentifiers.swift */,
				FD0A20F00D8D4B1B5CE0E2AA /* PageCapture.swift */,
				517CC8EF72254D17CAC4AAE3 /* Links.swift */,
			);
			name = Constants;
			sourceTree = "<group>";
		};
		6456885E3D4517ABCED73173 /* UITests */ = {
			isa = PBXGroup;
			children = (
				E603CD9BF9C89C51682CB985 /* VergUIFlowTests.swift */,
				9A3334EE92C75B27D64A936F /* StoreScreenshots.swift */,
				5B9145A38AE1CCCF93225D83 /* VersionShot.swift */,
			);
			name = UITests;
			path = UITests;
			sourceTree = "<group>";
		};
		A40000010000000000000001 = {
			isa = PBXGroup;
			children = (
				955D4E492F1F42A100D1B2E4 /* VergProducts.storekit */,
				A40000010000000000000002 /* App */,
				A40000010000000000000003 /* Core */,
				A40000010000000000000004 /* Features */,
				A40000010000000000000005 /* Resources */,
				A40000010000000000000006 /* Supporting */,
				A40000010000000000000007 /* Products */,
				CEBCAD55C64CC7D908FA2610 /* Core */,
				D0D3656A07B7E9ED961ACAC4 /* Features */,
				CF7535432AF5C063A8B78555 /* Tests */,
				02090A7E99DB6005712609EE /* Frameworks */,
				52019627854D25B472BACF07 /* PromptsView.swift */,
				6456885E3D4517ABCED73173 /* UITests */,
			);
			sourceTree = "<group>";
		};
		A40000010000000000000002 /* App */ = {
			isa = PBXGroup;
			children = (
				A20000010000000000000001 /* VergApp.swift */,
				A20000010000000000000002 /* ContentView.swift */,
				A20000010000000000000034 /* CustomTabBar.swift */,
				A20000010000000000000057 /* TabBarAutoHide.swift */,
			);
			path = App;
			sourceTree = "<group>";
		};
		A40000010000000000000003 /* Core */ = {
			isa = PBXGroup;
			children = (
				A40000010000000000000008 /* Extensions */,
				A40000010000000000000009 /* Models */,
				A40000010000000000000010 /* Services */,
				A40000010000000000000011 /* Theme */,
				48193612D729384CC6E6DEDE /* Constants */,
			);
			path = Core;
			sourceTree = "<group>";
		};
		A40000010000000000000004 /* Features */ = {
			isa = PBXGroup;
			children = (
				A40000010000000000000012 /* Camera */,
				A40000010000000000000021 /* Candle */,
				A40000010000000000000013 /* Home */,
				A40000010000000000000023 /* Journal */,
				A40000010000000000000020 /* Onboarding */,
				A40000010000000000000014 /* Paywall */,
				A40000010000000000000015 /* Settings */,
				A40000010000000000000016 /* Stats */,
				A40000010000000000000056 /* Library */,
				A40000010000000000000017 /* Timer */,
				A40000010000000000000022 /* VergFlame */,
			);
			path = Features;
			sourceTree = "<group>";
		};
		A40000010000000000000005 /* Resources */ = {
			isa = PBXGroup;
			children = (
				95F6805B2F1D205D00B93C28 /* 27421__kerri__zenbell_1.mp3 */,
				95F6805C2F1D205D00B93C28 /* 185822__lloydevans09__single-chime.wav */,
				A20000010000000000000044 /* ambient_rain.caf */,
				A20000010000000000000045 /* ambient_fire.caf */,
				A20000010000000000000046 /* ambient_focus.caf */,
				A20000010000000000000029 /* Assets.xcassets */,
				213D410F133EC97A9E13BDA3 /* ambient_replenish.m4a */,
				D66B0478F0B1B87D3C18A0C6 /* ambient_motion.m4a */,
				FF7A7749761A40116B7282BF /* ambient_floating.m4a */,
				80E5C6FB39AC9EA3518C0D3B /* ambient_earth.m4a */,
				FADBFB1EA0CFE9BA340C3877 /* ambient_deep.m4a */,
				BF931F0B81C02B6A9E991A0A /* ambient_movement.m4a */,
				2FB0870FBFDAE6781C712AC6 /* ambient_storm.m4a */,
				52D18BD1737C0BA640157030 /* ambient_stream.m4a */,
				4925EC5E8BD87481343A7029 /* oracle_draw.wav */,
			);
			path = Resources;
			sourceTree = "<group>";
		};
		A40000010000000000000006 /* Supporting */ = {
			isa = PBXGroup;
			children = (
				A20000010000000000000030 /* Info.plist */,
			);
			path = Supporting;
			sourceTree = "<group>";
		};
		A40000010000000000000007 /* Products */ = {
			isa = PBXGroup;
			children = (
				A20000010000000000000000 /* Verg.app */,
				BA85F0D61ED1E6AE8A4E80C4 /* VergTests.xctest */,
				678AE28650CE08196318789C /* VergUITests.xctest */,
			);
			name = Products;
			sourceTree = "<group>";
		};
		A40000010000000000000008 /* Extensions */ = {
			isa = PBXGroup;
			children = (
				A20000010000000000000004 /* Date+Extensions.swift */,
				A20000010000000000000005 /* View+Extensions.swift */,
			);
			path = Extensions;
			sourceTree = "<group>";
		};
		A40000010000000000000009 /* Models */ = {
			isa = PBXGroup;
			children = (
				A20000010000000000000042 /* Book.swift */,
				A20000010000000000000038 /* Milestone.swift */,
				A20000010000000000000006 /* Session.swift */,
				A20000010000000000000007 /* Settings.swift */,
				A20000010000000000000008 /* UserStats.swift */,
				A20000010000000000000048 /* TimeReclaimed.swift */,
				A20000010000000000000049 /* OnboardingProjection.swift */,
				A20000010000000000000050 /* WeeklyGoalMilestone.swift */,
				A20000010000000000000053 /* CandleRelight.swift */,
				A20000010000000000000054 /* Terrace.swift */,
				5FEA8350AEF2EA9FB71E7A9F /* WritingPrompt.swift */,
			);
			path = Models;
			sourceTree = "<group>";
		};
		A40000010000000000000010 /* Services */ = {
			isa = PBXGroup;
			children = (
				A20000010000000000000039 /* AchievementService.swift */,
				A20000010000000000000009 /* AudioService.swift */,
				A20000010000000000000010 /* PurchaseService.swift */,
				A20000010000000000000011 /* StorageService.swift */,
				A20000010000000000000012 /* CandleService.swift */,
				A20000010000000000000013 /* TimerService.swift */,
				A20000010000000000000051 /* RatingPromptService.swift */,
				0FE848EB2AD7DACC4A42882D /* AppLockService.swift */,
			);
			path = Services;
			sourceTree = "<group>";
		};
		A40000010000000000000011 /* Theme */ = {
			isa = PBXGroup;
			children = (
				A20000010000000000000003 /* Theme.swift */,
			);
			path = Theme;
			sourceTree = "<group>";
		};
		A40000010000000000000012 /* Camera */ = {
			isa = PBXGroup;
			children = (
				A20000010000000000000014 /* CameraView.swift */,
				A20000010000000000000015 /* CameraViewModel.swift */,
				1450B3C90DF16939FECE4C76 /* PageFramingView.swift */,
			);
			path = Camera;
			sourceTree = "<group>";
		};
		A40000010000000000000013 /* Home */ = {
			isa = PBXGroup;
			children = (
				A20000010000000000000016 /* HomeView.swift */,
				A20000010000000000000017 /* HomeViewModel.swift */,
			);
			path = Home;
			sourceTree = "<group>";
		};
		A40000010000000000000014 /* Paywall */ = {
			isa = PBXGroup;
			children = (
				A20000010000000000000018 /* PaywallView.swift */,
				A20000010000000000000019 /* PaywallViewModel.swift */,
			);
			path = Paywall;
			sourceTree = "<group>";
		};
		A40000010000000000000015 /* Settings */ = {
			isa = PBXGroup;
			children = (
				A20000010000000000000020 /* SettingsView.swift */,
				A20000010000000000000021 /* SettingsViewModel.swift */,
				EC13728B9DF36E988801AE59 /* AppLockViews.swift */,
			);
			path = Settings;
			sourceTree = "<group>";
		};
		A40000010000000000000016 /* Stats */ = {
			isa = PBXGroup;
			children = (
				A40000010000000000000018 /* Components */,
				A20000010000000000000025 /* StatsViewModel.swift */,
			);
			path = Stats;
			sourceTree = "<group>";
		};
		A40000010000000000000017 /* Timer */ = {
			isa = PBXGroup;
			children = (
				A40000010000000000000019 /* Components */,
				A20000010000000000000027 /* TimerView.swift */,
				A20000010000000000000028 /* TimerViewModel.swift */,
			);
			path = Timer;
			sourceTree = "<group>";
		};
		A40000010000000000000018 /* Components */ = {
			isa = PBXGroup;
			children = (
				A20000010000000000000022 /* CalendarView.swift */,
				A20000010000000000000040 /* MilestonesView.swift */,
				A20000010000000000000023 /* PageGridView.swift */,
				A20000010000000000000047 /* ZoomableImageView.swift */,
			);
			path = Components;
			sourceTree = "<group>";
		};
		A40000010000000000000019 /* Components */ = {
			isa = PBXGroup;
			children = (
				A20000010000000000000026 /* CandleView.swift */,
				A20000010000000000000041 /* MilestoneCelebrationView.swift */,
				898AD9244BCD3A4014BB05AC /* TimeReclaimedCardView.swift */,
			);
			path = Components;
			sourceTree = "<group>";
		};
		A40000010000000000000020 /* Onboarding */ = {
			isa = PBXGroup;
			children = (
				A20000010000000000000031 /* OnboardingView.swift */,
				A20000010000000000000033 /* OnboardingViewModel.swift */,
				A20000010000000000000052 /* OnboardingStepViews.swift */,
			);
			path = Onboarding;
			sourceTree = "<group>";
		};
		A40000010000000000000021 /* Candle */ = {
			isa = PBXGroup;
			children = (
			);
			path = Candle;
			sourceTree = "<group>";
		};
		A40000010000000000000022 /* VergFlame */ = {
			isa = PBXGroup;
			children = (
				A20000010000000000000035 /* VergFlameView.swift */,
			);
			path = VergFlame;
			sourceTree = "<group>";
		};
		A40000010000000000000023 /* Journal */ = {
			isa = PBXGroup;
			children = (
				A20000010000000000000043 /* BookDetailView.swift */,
				A20000010000000000000037 /* JournalView.swift */,
			);
			path = Journal;
			sourceTree = "<group>";
		};
		A40000010000000000000056 /* Library */ = {
			isa = PBXGroup;
			children = (
				A20000010000000000000055 /* LibraryView.swift */,
			);
			path = Library;
			sourceTree = "<group>";
		};
		B0D5E3EB4C51887881A0F565 /* CoachMark */ = {
			isa = PBXGroup;
			children = (
				A1101A3ACB7B972887D35F7F /* CoachMarkNoticeView.swift */,
			);
			name = CoachMark;
			sourceTree = "<group>";
		};
		CEBCAD55C64CC7D908FA2610 /* Core */ = {
			isa = PBXGroup;
			children = (
				5DEAE9590E6A90B9A88E76C8 /* Constants */,
				10BD6DE57AF4F972400D082F /* Services */,
			);
			name = Core;
			sourceTree = "<group>";
		};
		CF7535432AF5C063A8B78555 /* Tests */ = {
			isa = PBXGroup;
			children = (
				04EC071F00E1D30084A3F7A3 /* BookLogicTests.swift */,
				4C3F6D131429DF832DEC156D /* MilestoneLogicTests.swift */,
				F363E01CA80309C00CBFA394 /* SessionGatingServiceTests.swift */,
				2B3EA26F8AEF44C05BFDF756 /* TimeReclaimedTests.swift */,
				A0EB2EA2468FDCFA22B69538 /* OnboardingProjectionTests.swift */,
				5A3B42F81731303223482210 /* CandleRelightTests.swift */,
				ACC785888D739156328E98A1 /* TerraceTests.swift */,
				85EC2041E044532B57A5617A /* CandleDaysLitStateTests.swift */,
				3DABEE012D4572BC7AFA1F71 /* PageCaptureTests.swift */,
				45840E03A94B56147976922D /* AccessCodeTests.swift */,
			);
			name = Tests;
			path = Tests;
			sourceTree = "<group>";
		};
		D0D3656A07B7E9ED961ACAC4 /* Features */ = {
			isa = PBXGroup;
			children = (
				B0D5E3EB4C51887881A0F565 /* CoachMark */,
			);
			name = Features;
			sourceTree = "<group>";
		};
/* End PBXGroup section */

/* Begin PBXNativeTarget section */
		7CBE340CE31456303EDE0B35 /* VergTests */ = {
			isa = PBXNativeTarget;
			buildConfigurationList = 0683CB82F0E8B7DE5BCEEA9C /* Build configuration list for PBXNativeTarget "VergTests" */;
			buildPhases = (
				9062CBDD05C8DF0325BC2565 /* Sources */,
				014297FFE5CC35DE7B6710BF /* Frameworks */,
				F231FAD33B7F816A46FFFD85 /* Resources */,
			);
			buildRules = (
			);
			dependencies = (
				D9315BE28FDE1EA90FA1E9F4 /* PBXTargetDependency */,
			);
			name = VergTests;
			productName = VergTests;
			productReference = BA85F0D61ED1E6AE8A4E80C4 /* VergTests.xctest */;
			productType = "com.apple.product-type.bundle.unit-test";
		};
		A50000010000000000000001 /* Verg */ = {
			isa = PBXNativeTarget;
			buildConfigurationList = A70000010000000000000001 /* Build configuration list for PBXNativeTarget "Verg" */;
			buildPhases = (
				A60000010000000000000001 /* Sources */,
				A30000010000000000000001 /* Frameworks */,
				A60000010000000000000002 /* Resources */,
			);
			buildRules = (
			);
			dependencies = (
			);
			name = Verg;
			productName = Verg;
			productReference = A20000010000000000000000 /* Verg.app */;
			productType = "com.apple.product-type.application";
		};
		C7AEA0C42B4E78C7BA6464E7 /* VergUITests */ = {
			isa = PBXNativeTarget;
			buildConfigurationList = 032927DEA631A3B8408F65D1 /* Build configuration list for PBXNativeTarget "VergUITests" */;
			buildPhases = (
				16A95BA9697352C7A5E37BEF /* Sources */,
				8CF5552E1DC6FA086FFD3901 /* Frameworks */,
				A516C9F9777B54E65A912C58 /* Resources */,
			);
			buildRules = (
			);
			dependencies = (
				A0F5410E67F21AB19C50D84E /* PBXTargetDependency */,
			);
			name = VergUITests;
			productName = VergUITests;
			productReference = 678AE28650CE08196318789C /* VergUITests.xctest */;
			productType = "com.apple.product-type.bundle.ui-testing";
		};
/* End PBXNativeTarget section */

/* Begin PBXProject section */
		A80000010000000000000001 /* Project object */ = {
			isa = PBXProject;
			attributes = {
				BuildIndependentTargetsInParallel = 1;
				LastSwiftUpdateCheck = 1500;
				LastUpgradeCheck = 2640;
				TargetAttributes = {
					A50000010000000000000001 = {
						CreatedOnToolsVersion = 15.0;
					};
				};
			};
			buildConfigurationList = A70000010000000000000002 /* Build configuration list for PBXProject "Verg" */;
			compatibilityVersion = "Xcode 14.0";
			developmentRegion = en;
			hasScannedForEncodings = 0;
			knownRegions = (
				en,
				Base,
			);
			mainGroup = A40000010000000000000001;
			packageReferences = (
				95F6805F2F1DEF6600B93C28 /* XCRemoteSwiftPackageReference "purchases-ios" */,
			);
			productRefGroup = A40000010000000000000007 /* Products */;
			projectDirPath = "";
			projectRoot = "";
			targets = (
				A50000010000000000000001 /* Verg */,
				7CBE340CE31456303EDE0B35 /* VergTests */,
				C7AEA0C42B4E78C7BA6464E7 /* VergUITests */,
			);
		};
/* End PBXProject section */

/* Begin PBXResourcesBuildPhase section */
		A516C9F9777B54E65A912C58 /* Resources */ = {
			isa = PBXResourcesBuildPhase;
			buildActionMask = 2147483647;
			files = (
			);
			runOnlyForDeploymentPostprocessing = 0;
		};
		A60000010000000000000002 /* Resources */ = {
			isa = PBXResourcesBuildPhase;
			buildActionMask = 2147483647;
			files = (
				A10000010000000000000029 /* Assets.xcassets in Resources */,
				95F6805D2F1D205D00B93C28 /* 27421__kerri__zenbell_1.mp3 in Resources */,
				95F6805E2F1D205D00B93C28 /* 185822__lloydevans09__single-chime.wav in Resources */,
				A10000010000000000000044 /* ambient_rain.caf in Resources */,
				A10000010000000000000045 /* ambient_fire.caf in Resources */,
				A10000010000000000000046 /* ambient_focus.caf in Resources */,
				58D1E630C7A63C2B921B6850 /* ambient_replenish.m4a in Resources */,
				C9F37734AEC8C334F08C503F /* ambient_motion.m4a in Resources */,
				D7B1C5FD6D6E734DD931B22A /* ambient_floating.m4a in Resources */,
				6B7C68B371EBE84982E1B033 /* ambient_earth.m4a in Resources */,
				DC83CEA230D1B5AFA07BE16B /* ambient_deep.m4a in Resources */,
				9362AFD0F21ECF56B7936C4D /* ambient_movement.m4a in Resources */,
				44FDD276577C647B5EFE0C18 /* ambient_storm.m4a in Resources */,
				667CA47039B7D924E46CC693 /* ambient_stream.m4a in Resources */,
				2A53449D3D5C82D352CF4E5D /* oracle_draw.wav in Resources */,
			);
			runOnlyForDeploymentPostprocessing = 0;
		};
		F231FAD33B7F816A46FFFD85 /* Resources */ = {
			isa = PBXResourcesBuildPhase;
			buildActionMask = 2147483647;
			files = (
			);
			runOnlyForDeploymentPostprocessing = 0;
		};
/* End PBXResourcesBuildPhase section */

/* Begin PBXSourcesBuildPhase section */
		16A95BA9697352C7A5E37BEF /* Sources */ = {
			isa = PBXSourcesBuildPhase;
			buildActionMask = 2147483647;
			files = (
				FE21BE39C77080DB4C472ED2 /* VergUIFlowTests.swift in Sources */,
				2121EF62BA745052689A2647 /* StoreScreenshots.swift in Sources */,
				C5735C6029D2E9F5B3721A58 /* VersionShot.swift in Sources */,
			);
			runOnlyForDeploymentPostprocessing = 0;
		};
		9062CBDD05C8DF0325BC2565 /* Sources */ = {
			isa = PBXSourcesBuildPhase;
			buildActionMask = 2147483647;
			files = (
				FDA2A4020948DF89A7806BE7 /* BookLogicTests.swift in Sources */,
				B149AD1EF9111F56CF2898BD /* MilestoneLogicTests.swift in Sources */,
				5339DF6BB7415851C2763745 /* SessionGatingServiceTests.swift in Sources */,
				58611D7A7DD6C853B6F15217 /* TimeReclaimedTests.swift in Sources */,
				37EA337057ECBB624B85FDF6 /* OnboardingProjectionTests.swift in Sources */,
				48E41DC190311552932A2598 /* CandleRelightTests.swift in Sources */,
				EBE50F474E89A8361C62810C /* TerraceTests.swift in Sources */,
				B8D3EDEFD64E0B0FFDB2309A /* CandleDaysLitStateTests.swift in Sources */,
				89CFE2F8A3ACB70A9B60AC08 /* PageCaptureTests.swift in Sources */,
				FE010E0A085A8821668E2EB4 /* AccessCodeTests.swift in Sources */,
			);
			runOnlyForDeploymentPostprocessing = 0;
		};
		A60000010000000000000001 /* Sources */ = {
			isa = PBXSourcesBuildPhase;
			buildActionMask = 2147483647;
			files = (
				A10000010000000000000001 /* VergApp.swift in Sources */,
				A10000010000000000000002 /* ContentView.swift in Sources */,
				A10000010000000000000003 /* Theme.swift in Sources */,
				A10000010000000000000004 /* Date+Extensions.swift in Sources */,
				A10000010000000000000005 /* View+Extensions.swift in Sources */,
				A10000010000000000000006 /* Session.swift in Sources */,
				A10000010000000000000007 /* Settings.swift in Sources */,
				A10000010000000000000008 /* UserStats.swift in Sources */,
				A10000010000000000000009 /* AudioService.swift in Sources */,
				A10000010000000000000010 /* PurchaseService.swift in Sources */,
				A10000010000000000000011 /* StorageService.swift in Sources */,
				A10000010000000000000012 /* CandleService.swift in Sources */,
				A10000010000000000000013 /* TimerService.swift in Sources */,
				A10000010000000000000014 /* CameraView.swift in Sources */,
				A10000010000000000000015 /* CameraViewModel.swift in Sources */,
				A10000010000000000000016 /* HomeView.swift in Sources */,
				A10000010000000000000017 /* HomeViewModel.swift in Sources */,
				A10000010000000000000018 /* PaywallView.swift in Sources */,
				A10000010000000000000019 /* PaywallViewModel.swift in Sources */,
				A10000010000000000000020 /* SettingsView.swift in Sources */,
				A10000010000000000000021 /* SettingsViewModel.swift in Sources */,
				A10000010000000000000022 /* CalendarView.swift in Sources */,
				A10000010000000000000023 /* PageGridView.swift in Sources */,
				A10000010000000000000047 /* ZoomableImageView.swift in Sources */,
				A10000010000000000000048 /* TimeReclaimed.swift in Sources */,
				A10000010000000000000049 /* OnboardingProjection.swift in Sources */,
				A10000010000000000000050 /* WeeklyGoalMilestone.swift in Sources */,
				A10000010000000000000051 /* RatingPromptService.swift in Sources */,
				A10000010000000000000052 /* OnboardingStepViews.swift in Sources */,
				A10000010000000000000053 /* CandleRelight.swift in Sources */,
				A10000010000000000000054 /* Terrace.swift in Sources */,
				A10000010000000000000055 /* LibraryView.swift in Sources */,
				A10000010000000000000057 /* TabBarAutoHide.swift in Sources */,
				A10000010000000000000025 /* StatsViewModel.swift in Sources */,
				A10000010000000000000026 /* CandleView.swift in Sources */,
				A10000010000000000000027 /* TimerView.swift in Sources */,
				A10000010000000000000028 /* TimerViewModel.swift in Sources */,
				A10000010000000000000031 /* OnboardingView.swift in Sources */,
				A10000010000000000000033 /* OnboardingViewModel.swift in Sources */,
				84D808917CA182531D07412E /* AppStrings.swift in Sources */,
				DBF85CC00BAB63176ADB9C70 /* ProductIdentifiers.swift in Sources */,
				4596C9C4F2E503561B307EC6 /* CoachMarkNoticeView.swift in Sources */,
				41720B928E05C6F67AA0E2E8 /* SessionGatingService.swift in Sources */,
				A10000010000000000000034 /* CustomTabBar.swift in Sources */,
				A10000010000000000000035 /* VergFlameView.swift in Sources */,
				A10000010000000000000037 /* JournalView.swift in Sources */,
				A10000010000000000000038 /* Milestone.swift in Sources */,
				A10000010000000000000039 /* AchievementService.swift in Sources */,
				A10000010000000000000040 /* MilestonesView.swift in Sources */,
				A10000010000000000000041 /* MilestoneCelebrationView.swift in Sources */,
				A10000010000000000000042 /* Book.swift in Sources */,
				A10000010000000000000043 /* BookDetailView.swift in Sources */,
				F481BCFEB8A889E1905AEDA2 /* TimeReclaimedCardView.swift in Sources */,
				B581A0CAD6F8EC9F16246805 /* WritingPrompt.swift in Sources */,
				37BC8986C09C76DD05F7410C /* PromptsView.swift in Sources */,
				E6951BF72A20C2C005D2ED6A /* PageCapture.swift in Sources */,
				2327A2B0F046CC33DBE68D02 /* BrightnessService.swift in Sources */,
				95D8597677780E873EC4BEB7 /* AppLockService.swift in Sources */,
				72C931788C9B814DF5E2B735 /* AppLockViews.swift in Sources */,
				79325AD27BFFA6471C63BB58 /* PageFramingView.swift in Sources */,
				7A1A05FB50DAE1A14005560C /* Links.swift in Sources */,
			);
			runOnlyForDeploymentPostprocessing = 0;
		};
/* End PBXSourcesBuildPhase section */

/* Begin PBXTargetDependency section */
		A0F5410E67F21AB19C50D84E /* PBXTargetDependency */ = {
			isa = PBXTargetDependency;
			name = Verg;
			target = A50000010000000000000001 /* Verg */;
			targetProxy = 0AD2EE5524B296C5AB67C36A /* PBXContainerItemProxy */;
		};
		D9315BE28FDE1EA90FA1E9F4 /* PBXTargetDependency */ = {
			isa = PBXTargetDependency;
			name = Verg;
			target = A50000010000000000000001 /* Verg */;
			targetProxy = 75181FD09E2C0CCB2F43F700 /* PBXContainerItemProxy */;
		};
/* End PBXTargetDependency section */

/* Begin XCBuildConfiguration section */
		18EE744068F0BEE4F1685E61 /* Debug */ = {
			isa = XCBuildConfiguration;
			buildSettings = {
				CLANG_ENABLE_OBJC_WEAK = NO;
				CODE_SIGNING_ALLOWED = NO;
				GENERATE_INFOPLIST_FILE = YES;
				INFOPLIST_KEY_CFBundleDisplayName = VergUITests;
				IPHONEOS_DEPLOYMENT_TARGET = 17.0;
				PRODUCT_BUNDLE_IDENTIFIER = com.verg.app.uitests;
				PRODUCT_NAME = VergUITests;
				SDKROOT = iphoneos;
				SWIFT_VERSION = 5.0;
				TARGETED_DEVICE_FAMILY = 1;
				TEST_TARGET_NAME = Verg;
			};
			name = Debug;
		};
		727202215263E8FC5245CE3C /* Debug */ = {
			isa = XCBuildConfiguration;
			buildSettings = {
				ALWAYS_EMBED_SWIFT_STANDARD_LIBRARIES = YES;
				BUNDLE_LOADER = "$(TEST_HOST)";
				CLANG_ENABLE_OBJC_WEAK = NO;
				CODE_SIGN_STYLE = Automatic;
				DEVELOPMENT_TEAM = 9GHNQ3ZYX9;
				GENERATE_INFOPLIST_FILE = YES;
				IPHONEOS_DEPLOYMENT_TARGET = 17.0;
				PRODUCT_BUNDLE_IDENTIFIER = com.verg.app.tests;
				PRODUCT_NAME = "$(TARGET_NAME)";
				SDKROOT = iphoneos;
				SWIFT_VERSION = 5.0;
				TEST_HOST = "$(BUILT_PRODUCTS_DIR)/Verg.app/Verg";
			};
			name = Debug;
		};
		94197C46177CED9257AE6115 /* Release */ = {
			isa = XCBuildConfiguration;
			buildSettings = {
				CLANG_ENABLE_OBJC_WEAK = NO;
				CODE_SIGNING_ALLOWED = NO;
				GENERATE_INFOPLIST_FILE = YES;
				INFOPLIST_KEY_CFBundleDisplayName = VergUITests;
				IPHONEOS_DEPLOYMENT_TARGET = 17.0;
				PRODUCT_BUNDLE_IDENTIFIER = com.verg.app.uitests;
				PRODUCT_NAME = VergUITests;
				SDKROOT = iphoneos;
				SWIFT_VERSION = 5.0;
				TARGETED_DEVICE_FAMILY = 1;
				TEST_TARGET_NAME = Verg;
				VALIDATE_PRODUCT = YES;
			};
			name = Release;
		};
		A90000010000000000000001 /* Debug */ = {
			isa = XCBuildConfiguration;
			buildSettings = {
				ALWAYS_SEARCH_USER_PATHS = NO;
				ASSETCATALOG_COMPILER_GENERATE_SWIFT_ASSET_SYMBOL_EXTENSIONS = YES;
				CLANG_ANALYZER_NONNULL = YES;
				CLANG_ANALYZER_NUMBER_OBJECT_CONVERSION = YES_AGGRESSIVE;
				CLANG_CXX_LANGUAGE_STANDARD = "gnu++20";
				CLANG_ENABLE_MODULES = YES;
				CLANG_ENABLE_OBJC_ARC = YES;
				CLANG_ENABLE_OBJC_WEAK = YES;
				CLANG_WARN_BLOCK_CAPTURE_AUTORELEASING = YES;
				CLANG_WARN_BOOL_CONVERSION = YES;
				CLANG_WARN_COMMA = YES;
				CLANG_WARN_CONSTANT_CONVERSION = YES;
				CLANG_WARN_DEPRECATED_OBJC_IMPLEMENTATIONS = YES;
				CLANG_WARN_DIRECT_OBJC_ISA_USAGE = YES_ERROR;
				CLANG_WARN_DOCUMENTATION_COMMENTS = YES;
				CLANG_WARN_EMPTY_BODY = YES;
				CLANG_WARN_ENUM_CONVERSION = YES;
				CLANG_WARN_INFINITE_RECURSION = YES;
				CLANG_WARN_INT_CONVERSION = YES;
				CLANG_WARN_NON_LITERAL_NULL_CONVERSION = YES;
				CLANG_WARN_OBJC_IMPLICIT_RETAIN_SELF = YES;
				CLANG_WARN_OBJC_LITERAL_CONVERSION = YES;
				CLANG_WARN_OBJC_ROOT_CLASS = YES_ERROR;
				CLANG_WARN_QUOTED_INCLUDE_IN_FRAMEWORK_HEADER = YES;
				CLANG_WARN_RANGE_LOOP_ANALYSIS = YES;
				CLANG_WARN_STRICT_PROTOTYPES = YES;
				CLANG_WARN_SUSPICIOUS_MOVE = YES;
				CLANG_WARN_UNGUARDED_AVAILABILITY = YES_AGGRESSIVE;
				CLANG_WARN_UNREACHABLE_CODE = YES;
				CLANG_WARN__DUPLICATE_METHOD_MATCH = YES;
				COPY_PHASE_STRIP = NO;
				DEAD_CODE_STRIPPING = YES;
				DEBUG_INFORMATION_FORMAT = dwarf;
				ENABLE_STRICT_OBJC_MSGSEND = YES;
				ENABLE_TESTABILITY = YES;
				ENABLE_USER_SCRIPT_SANDBOXING = YES;
				GCC_C_LANGUAGE_STANDARD = gnu17;
				GCC_DYNAMIC_NO_PIC = NO;
				GCC_NO_COMMON_BLOCKS = YES;
				GCC_OPTIMIZATION_LEVEL = 0;
				GCC_PREPROCESSOR_DEFINITIONS = (
					"DEBUG=1",
					"$(inherited)",
				);
				GCC_WARN_64_TO_32_BIT_CONVERSION = YES;
				GCC_WARN_ABOUT_RETURN_TYPE = YES_ERROR;
				GCC_WARN_UNDECLARED_SELECTOR = YES;
				GCC_WARN_UNINITIALIZED_AUTOS = YES_AGGRESSIVE;
				GCC_WARN_UNUSED_FUNCTION = YES;
				GCC_WARN_UNUSED_VARIABLE = YES;
				IPHONEOS_DEPLOYMENT_TARGET = 17.0;
				LOCALIZATION_PREFERS_STRING_CATALOGS = YES;
				MTL_ENABLE_DEBUG_INFO = INCLUDE_SOURCE;
				MTL_FAST_MATH = YES;
				ONLY_ACTIVE_ARCH = YES;
				SDKROOT = iphoneos;
				STRING_CATALOG_GENERATE_SYMBOLS = YES;
				SWIFT_ACTIVE_COMPILATION_CONDITIONS = "DEBUG $(inherited)";
				SWIFT_OPTIMIZATION_LEVEL = "-Onone";
			};
			name = Debug;
		};
		A90000010000000000000002 /* Release */ = {
			isa = XCBuildConfiguration;
			buildSettings = {
				ALWAYS_SEARCH_USER_PATHS = NO;
				ASSETCATALOG_COMPILER_GENERATE_SWIFT_ASSET_SYMBOL_EXTENSIONS = YES;
				CLANG_ANALYZER_NONNULL = YES;
				CLANG_ANALYZER_NUMBER_OBJECT_CONVERSION = YES_AGGRESSIVE;
				CLANG_CXX_LANGUAGE_STANDARD = "gnu++20";
				CLANG_ENABLE_MODULES = YES;
				CLANG_ENABLE_OBJC_ARC = YES;
				CLANG_ENABLE_OBJC_WEAK = YES;
				CLANG_WARN_BLOCK_CAPTURE_AUTORELEASING = YES;
				CLANG_WARN_BOOL_CONVERSION = YES;
				CLANG_WARN_COMMA = YES;
				CLANG_WARN_CONSTANT_CONVERSION = YES;
				CLANG_WARN_DEPRECATED_OBJC_IMPLEMENTATIONS = YES;
				CLANG_WARN_DIRECT_OBJC_ISA_USAGE = YES_ERROR;
				CLANG_WARN_DOCUMENTATION_COMMENTS = YES;
				CLANG_WARN_EMPTY_BODY = YES;
				CLANG_WARN_ENUM_CONVERSION = YES;
				CLANG_WARN_INFINITE_RECURSION = YES;
				CLANG_WARN_INT_CONVERSION = YES;
				CLANG_WARN_NON_LITERAL_NULL_CONVERSION = YES;
				CLANG_WARN_OBJC_IMPLICIT_RETAIN_SELF = YES;
				CLANG_WARN_OBJC_LITERAL_CONVERSION = YES;
				CLANG_WARN_OBJC_ROOT_CLASS = YES_ERROR;
				CLANG_WARN_QUOTED_INCLUDE_IN_FRAMEWORK_HEADER = YES;
				CLANG_WARN_RANGE_LOOP_ANALYSIS = YES;
				CLANG_WARN_STRICT_PROTOTYPES = YES;
				CLANG_WARN_SUSPICIOUS_MOVE = YES;
				CLANG_WARN_UNGUARDED_AVAILABILITY = YES_AGGRESSIVE;
				CLANG_WARN_UNREACHABLE_CODE = YES;
				CLANG_WARN__DUPLICATE_METHOD_MATCH = YES;
				COPY_PHASE_STRIP = NO;
				DEAD_CODE_STRIPPING = YES;
				DEBUG_INFORMATION_FORMAT = "dwarf-with-dsym";
				ENABLE_NS_ASSERTIONS = NO;
				ENABLE_STRICT_OBJC_MSGSEND = YES;
				ENABLE_USER_SCRIPT_SANDBOXING = YES;
				GCC_C_LANGUAGE_STANDARD = gnu17;
				GCC_NO_COMMON_BLOCKS = YES;
				GCC_WARN_64_TO_32_BIT_CONVERSION = YES;
				GCC_WARN_ABOUT_RETURN_TYPE = YES_ERROR;
				GCC_WARN_UNDECLARED_SELECTOR = YES;
				GCC_WARN_UNINITIALIZED_AUTOS = YES_AGGRESSIVE;
				GCC_WARN_UNUSED_FUNCTION = YES;
				GCC_WARN_UNUSED_VARIABLE = YES;
				IPHONEOS_DEPLOYMENT_TARGET = 17.0;
				LOCALIZATION_PREFERS_STRING_CATALOGS = YES;
				MTL_ENABLE_DEBUG_INFO = NO;
				MTL_FAST_MATH = YES;
				SDKROOT = iphoneos;
				STRING_CATALOG_GENERATE_SYMBOLS = YES;
				SWIFT_COMPILATION_MODE = wholemodule;
				VALIDATE_PRODUCT = YES;
			};
			name = Release;
		};
		A90000010000000000000003 /* Debug */ = {
			isa = XCBuildConfiguration;
			buildSettings = {
				ASSETCATALOG_COMPILER_APPICON_NAME = AppIcon;
				ASSETCATALOG_COMPILER_GLOBAL_ACCENT_COLOR_NAME = AccentColor;
				ASSETCATALOG_COMPILER_INCLUDE_ALL_APPICON_ASSETS = YES;
				CODE_SIGN_STYLE = Automatic;
				CURRENT_PROJECT_VERSION = 45;
				DEVELOPMENT_TEAM = 9GHNQ3ZYX9;
				ENABLE_PREVIEWS = YES;
				GENERATE_INFOPLIST_FILE = YES;
				INFOPLIST_FILE = Supporting/Info.plist;
				INFOPLIST_KEY_CFBundleDisplayName = Verg;
				INFOPLIST_KEY_ITSAppUsesNonExemptEncryption = NO;
				INFOPLIST_KEY_LSApplicationCategoryType = "public.app-category.productivity";
				INFOPLIST_KEY_NSCameraUsageDescription = "Verg needs camera access to capture photos of your journal pages after each writing session.";
				INFOPLIST_KEY_NSFaceIDUsageDescription = "Verg uses Face ID to unlock your journal.";
				INFOPLIST_KEY_NSPhotoLibraryUsageDescription = "Verg needs photo library access to save your journal page photos.";
				INFOPLIST_KEY_UIApplicationSupportsIndirectInputEvents = YES;
				INFOPLIST_KEY_UIRequiredDeviceCapabilities = armv7;
				INFOPLIST_KEY_UIStatusBarStyle = UIStatusBarStyleLightContent;
				INFOPLIST_KEY_UISupportedInterfaceOrientations = UIInterfaceOrientationPortrait;
				INFOPLIST_KEY_UISupportedInterfaceOrientations_iPad = "UIInterfaceOrientationLandscapeLeft UIInterfaceOrientationLandscapeRight UIInterfaceOrientationPortrait UIInterfaceOrientationPortraitUpsideDown";
				LD_RUNPATH_SEARCH_PATHS = (
					"$(inherited)",
					"@executable_path/Frameworks",
				);
				MARKETING_VERSION = 2.2;
				PRODUCT_BUNDLE_IDENTIFIER = com.verg.app;
				PRODUCT_NAME = "$(TARGET_NAME)";
				SWIFT_EMIT_LOC_STRINGS = YES;
				SWIFT_VERSION = 5.0;
				TARGETED_DEVICE_FAMILY = "1,2";
			};
			name = Debug;
		};
		A90000010000000000000004 /* Release */ = {
			isa = XCBuildConfiguration;
			buildSettings = {
				ASSETCATALOG_COMPILER_APPICON_NAME = AppIcon;
				ASSETCATALOG_COMPILER_GLOBAL_ACCENT_COLOR_NAME = AccentColor;
				ASSETCATALOG_COMPILER_INCLUDE_ALL_APPICON_ASSETS = YES;
				CODE_SIGN_STYLE = Automatic;
				CURRENT_PROJECT_VERSION = 45;
				DEVELOPMENT_TEAM = 9GHNQ3ZYX9;
				ENABLE_PREVIEWS = YES;
				GENERATE_INFOPLIST_FILE = YES;
				INFOPLIST_FILE = Supporting/Info.plist;
				INFOPLIST_KEY_CFBundleDisplayName = Verg;
				INFOPLIST_KEY_ITSAppUsesNonExemptEncryption = NO;
				INFOPLIST_KEY_LSApplicationCategoryType = "public.app-category.productivity";
				INFOPLIST_KEY_NSCameraUsageDescription = "Verg needs camera access to capture photos of your journal pages after each writing session.";
				INFOPLIST_KEY_NSFaceIDUsageDescription = "Verg uses Face ID to unlock your journal.";
				INFOPLIST_KEY_NSPhotoLibraryUsageDescription = "Verg needs photo library access to save your journal page photos.";
				INFOPLIST_KEY_UIApplicationSupportsIndirectInputEvents = YES;
				INFOPLIST_KEY_UIRequiredDeviceCapabilities = armv7;
				INFOPLIST_KEY_UIStatusBarStyle = UIStatusBarStyleLightContent;
				INFOPLIST_KEY_UISupportedInterfaceOrientations = UIInterfaceOrientationPortrait;
				INFOPLIST_KEY_UISupportedInterfaceOrientations_iPad = "UIInterfaceOrientationLandscapeLeft UIInterfaceOrientationLandscapeRight UIInterfaceOrientationPortrait UIInterfaceOrientationPortraitUpsideDown";
				LD_RUNPATH_SEARCH_PATHS = (
					"$(inherited)",
					"@executable_path/Frameworks",
				);
				MARKETING_VERSION = 2.2;
				PRODUCT_BUNDLE_IDENTIFIER = com.verg.app;
				PRODUCT_NAME = "$(TARGET_NAME)";
				SWIFT_EMIT_LOC_STRINGS = YES;
				SWIFT_VERSION = 5.0;
				TARGETED_DEVICE_FAMILY = "1,2";
			};
			name = Release;
		};
		D6813C691FCA0F5A6B5A38EF /* Release */ = {
			isa = XCBuildConfiguration;
			buildSettings = {
				ALWAYS_EMBED_SWIFT_STANDARD_LIBRARIES = YES;
				BUNDLE_LOADER = "$(TEST_HOST)";
				CLANG_ENABLE_OBJC_WEAK = NO;
				CODE_SIGN_STYLE = Automatic;
				DEVELOPMENT_TEAM = 9GHNQ3ZYX9;
				GENERATE_INFOPLIST_FILE = YES;
				IPHONEOS_DEPLOYMENT_TARGET = 17.0;
				PRODUCT_BUNDLE_IDENTIFIER = com.verg.app.tests;
				PRODUCT_NAME = "$(TARGET_NAME)";
				SDKROOT = iphoneos;
				SWIFT_VERSION = 5.0;
				TEST_HOST = "$(BUILT_PRODUCTS_DIR)/Verg.app/Verg";
				VALIDATE_PRODUCT = YES;
			};
			name = Release;
		};
/* End XCBuildConfiguration section */

/* Begin XCConfigurationList section */
		032927DEA631A3B8408F65D1 /* Build configuration list for PBXNativeTarget "VergUITests" */ = {
			isa = XCConfigurationList;
			buildConfigurations = (
				94197C46177CED9257AE6115 /* Release */,
				18EE744068F0BEE4F1685E61 /* Debug */,
			);
			defaultConfigurationIsVisible = 0;
			defaultConfigurationName = Release;
		};
		0683CB82F0E8B7DE5BCEEA9C /* Build configuration list for PBXNativeTarget "VergTests" */ = {
			isa = XCConfigurationList;
			buildConfigurations = (
				D6813C691FCA0F5A6B5A38EF /* Release */,
				727202215263E8FC5245CE3C /* Debug */,
			);
			defaultConfigurationIsVisible = 0;
			defaultConfigurationName = Release;
		};
		A70000010000000000000001 /* Build configuration list for PBXNativeTarget "Verg" */ = {
			isa = XCConfigurationList;
			buildConfigurations = (
				A90000010000000000000003 /* Debug */,
				A90000010000000000000004 /* Release */,
			);
			defaultConfigurationIsVisible = 0;
			defaultConfigurationName = Release;
		};
		A70000010000000000000002 /* Build configuration list for PBXProject "Verg" */ = {
			isa = XCConfigurationList;
			buildConfigurations = (
				A90000010000000000000001 /* Debug */,
				A90000010000000000000002 /* Release */,
			);
			defaultConfigurationIsVisible = 0;
			defaultConfigurationName = Release;
		};
/* End XCConfigurationList section */

/* Begin XCRemoteSwiftPackageReference section */
		95F6805F2F1DEF6600B93C28 /* XCRemoteSwiftPackageReference "purchases-ios" */ = {
			isa = XCRemoteSwiftPackageReference;
			repositoryURL = "https://github.com/RevenueCat/purchases-ios";
			requirement = {
				kind = upToNextMajorVersion;
				minimumVersion = 5.55.1;
			};
		};
/* End XCRemoteSwiftPackageReference section */

/* Begin XCSwiftPackageProductDependency section */
		95F680602F1DEF6600B93C28 /* RevenueCat */ = {
			isa = XCSwiftPackageProductDependency;
			package = 95F6805F2F1DEF6600B93C28 /* XCRemoteSwiftPackageReference "purchases-ios" */;
			productName = RevenueCat;
		};
		95F680622F1DEF6600B93C28 /* RevenueCatUI */ = {
			isa = XCSwiftPackageProductDependency;
			package = 95F6805F2F1DEF6600B93C28 /* XCRemoteSwiftPackageReference "purchases-ios" */;
			productName = RevenueCatUI;
		};
/* End XCSwiftPackageProductDependency section */
	};
	rootObject = A80000010000000000000001 /* Project object */;
}
