{
  "originHash" : "fbdec518f66720abc9cceef1ea36ee3229c4faa09fdcfd36f45e77839c989f98",
  "pins" : [
    {
      "identity" : "purchases-ios",
      "kind" : "remoteSourceControl",
      "location" : "https://github.com/RevenueCat/purchases-ios",
      "state" : {
        "revision" : "b11e3e4eefdd0c78b2181a0ad7affdb9362ec4a3",
        "version" : "5.55.1"
      }
    }
  ],
  "version" : 3
}
